{
  "version": 4,
  "terraform_version": "1.16.1",
  "serial": 400,
  "lineage": "155a8073-ccbb-7584-81c9-bd0f0d0f9ab1",
  "outputs": {
    "eks_cluster_name": {
      "value": "dev-cluster",
      "type": "string"
    }
  },
  "resources": [
    {
      "module": "module.eks.module.aws_eks",
      "mode": "data",
      "type": "aws_caller_identity",
      "name": "current",
      "provider": "provider[\"registry.terraform.io/hashicorp/aws\"]",
      "instances": [
        {
          "schema_version": 0,
          "attributes": {
            "account_id": "731872836472",
            "arn": "arn:aws:iam::731872836472:user/admin",
            "id": "731872836472",
            "user_id": "AIDA2UZYFHN4MDKUB4GFB"
          },
          "sensitive_attributes": [],
          "identity_schema_version": 0
        }
      ]
    },
    {
      "module": "module.eks.module.aws_eks",
      "mode": "data",
      "type": "aws_iam_policy_document",
      "name": "assume_role_policy",
      "provider": "provider[\"registry.terraform.io/hashicorp/aws\"]",
      "instances": [
        {
          "index_key": 0,
          "schema_version": 0,
          "attributes": {
            "id": "2764486067",
            "json": "{\n  \"Version\": \"2012-10-17\",\n  \"Statement\": [\n    {\n      \"Sid\": \"EKSClusterAssumeRole\",\n      \"Effect\": \"Allow\",\n      \"Action\": \"sts:AssumeRole\",\n      \"Principal\": {\n        \"Service\": \"eks.amazonaws.com\"\n      }\n    }\n  ]\n}",
            "minified_json": "{\"Version\":\"2012-10-17\",\"Statement\":[{\"Sid\":\"EKSClusterAssumeRole\",\"Effect\":\"Allow\",\"Action\":\"sts:AssumeRole\",\"Principal\":{\"Service\":\"eks.amazonaws.com\"}}]}",
            "override_json": null,
            "override_policy_documents": null,
            "policy_id": null,
            "source_json": null,
            "source_policy_documents": null,
            "statement": [
              {
                "actions": [
                  "sts:AssumeRole"
                ],
                "condition": [],
                "effect": "Allow",
                "not_actions": [],
                "not_principals": [],
                "not_resources": [],
                "principals": [
                  {
                    "identifiers": [
                      "eks.amazonaws.com"
                    ],
                    "type": "Service"
                  }
                ],
                "resources": [],
                "sid": "EKSClusterAssumeRole"
              }
            ],
            "version": "2012-10-17"
          },
          "sensitive_attributes": [],
          "identity_schema_version": 0
        }
      ]
    },
    {
      "module": "module.eks.module.aws_eks",
      "mode": "data",
      "type": "aws_iam_session_context",
      "name": "current",
      "provider": "provider[\"registry.terraform.io/hashicorp/aws\"]",
      "instances": [
        {
          "schema_version": 0,
          "attributes": {
            "arn": "arn:aws:iam::731872836472:user/admin",
            "id": "arn:aws:iam::731872836472:user/admin",
            "issuer_arn": "arn:aws:iam::731872836472:user/admin",
            "issuer_id": "",
            "issuer_name": "",
            "session_name": ""
          },
          "sensitive_attributes": [],
          "identity_schema_version": 0
        }
      ]
    },
    {
      "module": "module.eks.module.aws_eks",
      "mode": "data",
      "type": "aws_partition",
      "name": "current",
      "provider": "provider[\"registry.terraform.io/hashicorp/aws\"]",
      "instances": [
        {
          "schema_version": 0,
          "attributes": {
            "dns_suffix": "amazonaws.com",
            "id": "aws",
            "partition": "aws",
            "reverse_dns_prefix": "com.amazonaws"
          },
          "sensitive_attributes": [],
          "identity_schema_version": 0
        }
      ]
    },
    {
      "module": "module.eks.module.aws_eks",
      "mode": "data",
      "type": "tls_certificate",
      "name": "this",
      "provider": "provider[\"registry.terraform.io/hashicorp/tls\"]",
      "instances": [
        {
          "index_key": 0,
          "schema_version": 0,
          "attributes": {
            "certificates": [
              {
                "cert_pem": "-----BEGIN CERTIFICATE-----\nMIIEkjCCA3qgAwIBAgITBn+USionzfP6wq4rAfkI7rnExjANBgkqhkiG9w0BAQsF\nADCBmDELMAkGA1UEBhMCVVMxEDAOBgNVBAgTB0FyaXpvbmExEzARBgNVBAcTClNj\nb3R0c2RhbGUxJTAjBgNVBAoTHFN0YXJmaWVsZCBUZWNobm9sb2dpZXMsIEluYy4x\nOzA5BgNVBAMTMlN0YXJmaWVsZCBTZXJ2aWNlcyBSb290IENlcnRpZmljYXRlIEF1\ndGhvcml0eSAtIEcyMB4XDTE1MDUyNTEyMDAwMFoXDTM3MTIzMTAxMDAwMFowOTEL\nMAkGA1UEBhMCVVMxDzANBgNVBAoTBkFtYXpvbjEZMBcGA1UEAxMQQW1hem9uIFJv\nb3QgQ0EgMTCCASIwDQYJKoZIhvcNAQEBBQADggEPADCCAQoCggEBALJ4gHHKeNXj\nca9HgFB0fW7Y14h29Jlo91ghYPl0hAEvrAIthtOgQ3pOsqTQNroBvo3bSMgHFzZM\n9O6II8c+6zf1tRn4SWiw3te5djgdYZ6k/oI2peVKVuRF4fn9tBb6dNqcmzU5L/qw\nIFAGbHrQgLKm+a/sRxmPUDgH3KKHOVj4utWp+UhnMJbulHheb4mjUcAwhmahRWa6\nVOujw5H5SNz/0egwLX0tdHA114gk957EWW67c4cX8jJGKLhD+rcdqsq08p8kDi1L\n93FcXmn/6pUCyziKrlA4b9v7LWIbxcceVOF34GfID5yHI9Y/QCB/IIDEgEw+OyQm\njgSubJrIqg0CAwEAAaOCATEwggEtMA8GA1UdEwEB/wQFMAMBAf8wDgYDVR0PAQH/\nBAQDAgGGMB0GA1UdDgQWBBSEGMyFNOy8DJSULghZnMeyEE4KCDAfBgNVHSMEGDAW\ngBScXwDfqgHXMCs4iKK4bUqc8hGRgzB4BggrBgEFBQcBAQRsMGowLgYIKwYBBQUH\nMAGGImh0dHA6Ly9vY3NwLnJvb3RnMi5hbWF6b250cnVzdC5jb20wOAYIKwYBBQUH\nMAKGLGh0dHA6Ly9jcnQucm9vdGcyLmFtYXpvbnRydXN0LmNvbS9yb290ZzIuY2Vy\nMD0GA1UdHwQ2MDQwMqAwoC6GLGh0dHA6Ly9jcmwucm9vdGcyLmFtYXpvbnRydXN0\nLmNvbS9yb290ZzIuY3JsMBEGA1UdIAQKMAgwBgYEVR0gADANBgkqhkiG9w0BAQsF\nAAOCAQEAYjdCXLwQtT6LLOkMm2xF4gcAevnFWAu5CIw+7bMlPLVvUOTNNWqnkzSW\nMiGpSESrnO09tKpzbeR/FoCJbM8oAxiDR3mjEH4wW6w7sGDgd9QIpuEdfF7Au/ma\neyKdpwAJfqxGF4PcnCZXmTA5YpaP7dreqsXMGz7KQ2hsVxa81Q4gLv7/wmpdLqBK\nbRRYh5TmOTFffHPLkIhqhBGWJ6bt2YFGpn6jcgAKUj6DiAdjd4lpFw85hdKrCEVN\n0FE6/V1dN2RMfjCyVSRCnTawXZwXgWHxyvkQAiSr6w10kY17RSlQOYiypok1JR4U\nakcjMS9cmvqtmg5iUaQqqcT5NJ0hGA==\n-----END CERTIFICATE-----\n",
                "is_ca": true,
                "issuer": "CN=Starfield Services Root Certificate Authority - G2,O=Starfield Technologies\\, Inc.,L=Scottsdale,ST=Arizona,C=US",
                "max_path_length": -1,
                "not_after": "2037-12-31T01:00:00Z",
                "not_before": "2015-05-25T12:00:00Z",
                "public_key_algorithm": "RSA",
                "serial_number": "144918191876577076464031512351042010504348870",
                "sha1_fingerprint": "06b25927c42a721631c1efd9431e648fa62e1e39",
                "signature_algorithm": "SHA256-RSA",
                "subject": "CN=Amazon Root CA 1,O=Amazon,C=US",
                "version": 3
              },
              {
                "cert_pem": "-----BEGIN CERTIFICATE-----\nMIIEXjCCA0agAwIBAgITB3MSOAudZoijOx7Zv5zNpo4ODzANBgkqhkiG9w0BAQsF\nADA5MQswCQYDVQQGEwJVUzEPMA0GA1UEChMGQW1hem9uMRkwFwYDVQQDExBBbWF6\nb24gUm9vdCBDQSAxMB4XDTIyMDgyMzIyMjEyOFoXDTMwMDgyMzIyMjEyOFowPDEL\nMAkGA1UEBhMCVVMxDzANBgNVBAoTBkFtYXpvbjEcMBoGA1UEAxMTQW1hem9uIFJT\nQSAyMDQ4IE0wMTCCASIwDQYJKoZIhvcNAQEBBQADggEPADCCAQoCggEBAOtxLKnL\nH4gokjIwr4pXD3i3NyWVVYesZ1yX0yLI2qIUZ2t88Gfa4gMqs1YSXca1R/lnCKeT\nepWSGA+0+fkQNpp/L4C2T7oTTsddUx7g3ZYzByDTlrwS5HRQQqEFE3O1T5tEJP4t\nf+28IoXsNiEzl3UGzicYgtzj2cWCB41eJgEmJmcf2T8TzzK6a614ZPyq/w4CPAff\nnAV4coz96nW3AyiE2uhuB4zQUIXvgVSycW7sbWLvj5TDXunEpNCRwC4kkZjK7rol\njtT2cbb7W2s4Bkg3R42G3PLqBvt2N32e/0JOTViCk8/iccJ4sXqrS1uUN4iB5Nmv\nJK74csVl+0u0UecCAwEAAaOCAVowggFWMBIGA1UdEwEB/wQIMAYBAf8CAQAwDgYD\nVR0PAQH/BAQDAgGGMB0GA1UdJQQWMBQGCCsGAQUFBwMBBggrBgEFBQcDAjAdBgNV\nHQ4EFgQUgbgOY4qJEhjl+js7UJWf5uWQE4UwHwYDVR0jBBgwFoAUhBjMhTTsvAyU\nlC4IWZzHshBOCggwewYIKwYBBQUHAQEEbzBtMC8GCCsGAQUFBzABhiNodHRwOi8v\nb2NzcC5yb290Y2ExLmFtYXpvbnRydXN0LmNvbTA6BggrBgEFBQcwAoYuaHR0cDov\nL2NydC5yb290Y2ExLmFtYXpvbnRydXN0LmNvbS9yb290Y2ExLmNlcjA/BgNVHR8E\nODA2MDSgMqAwhi5odHRwOi8vY3JsLnJvb3RjYTEuYW1hem9udHJ1c3QuY29tL3Jv\nb3RjYTEuY3JsMBMGA1UdIAQMMAowCAYGZ4EMAQIBMA0GCSqGSIb3DQEBCwUAA4IB\nAQCtAN4CBSMuBjJitGuxlBbkEUDeK/pZwTXv4KqPK0G50fOHOQAd8j21p0cMBgbG\nkfMHVwLU7b0XwZCav0h1ogdPMN1KakK1DT0VwA/+hFvGPJnMV1Kx2G4S1ZaSk0uU\n5QfoiYIIano01J5k4T2HapKQmmOhS/iPtuo00wW+IMLeBuKMn3OLn005hcrOGTad\nhcmeyfhQP7Z+iKHvyoQGi1C0ClymHETx/chhQGDyYSWqB/THwnN15AwLQo0E5V9E\nSJlbe4mBlqeInUsNYugExNf+tOiybcrswBy8OFsd34XOW3rjSUtsuafd9AWySa3h\nxRRrwszrzX/WWGm6wyB+f7C4\n-----END CERTIFICATE-----\n",
                "is_ca": true,
                "issuer": "CN=Amazon Root CA 1,O=Amazon,C=US",
                "max_path_length": 0,
                "not_after": "2030-08-23T22:21:28Z",
                "not_before": "2022-08-23T22:21:28Z",
                "public_key_algorithm": "RSA",
                "serial_number": "166129328851546858514271303855646110030630415",
                "sha1_fingerprint": "2ad974a775f73cbdbbd8f5ac3a49255fa8fb1f8c",
                "signature_algorithm": "SHA256-RSA",
                "subject": "CN=Amazon RSA 2048 M01,O=Amazon,C=US",
                "version": 3
              },
              {
                "cert_pem": "-----BEGIN CERTIFICATE-----\nMIIF4jCCBMqgAwIBAgIQAp41Cdyw+kWz12sTBdt+MTANBgkqhkiG9w0BAQsFADA8\nMQswCQYDVQQGEwJVUzEPMA0GA1UEChMGQW1hem9uMRwwGgYDVQQDExNBbWF6b24g\nUlNBIDIwNDggTTAxMB4XDTI2MDEyODAwMDAwMFoXDTI3MDIyNjIzNTk1OVowKzEp\nMCcGA1UEAwwgKi5la3MuZXUtY2VudHJhbC0xLmFtYXpvbmF3cy5jb20wggEiMA0G\nCSqGSIb3DQEBAQUAA4IBDwAwggEKAoIBAQCijgS1l7nwNyT5fVIYL/elqWbCMK+U\nes6pqL5RSBZLVcPjoNJGyThPlm1VdFTOyOKkZ6YHrjrHuTe48V+AilX+Z+2tDFBw\nd0Zm6Wrab3jerT8FFpQlevICDvPz1fmvfI2kh7ly+TTKZ2Hdlj6bE5o73r3jSto3\nWRJz398xdZayU0SZS7YDSdyvsfd/cc6So0S2xxoa0SZoHIWZH639hWG3p+dKTewq\nOUgOYFIM8tBVbMOZnSk5vCZYRZgV3Douo/rr01hcpaVAk3MXtaraQe/ZhQThvSrt\n6Rx0VLiJMn44sE2xl9ytVyeLkysqa7FRZdS2zq5p+iKOsAfDpMF+2EU1AgMBAAGj\nggLvMIIC6zAfBgNVHSMEGDAWgBSBuA5jiokSGOX6OztQlZ/m5ZAThTAdBgNVHQ4E\nFgQUtNcTkpWvlnntxC6TbBlSEjoEkcgwKwYDVR0RBCQwIoIgKi5la3MuZXUtY2Vu\ndHJhbC0xLmFtYXpvbmF3cy5jb20wEwYDVR0gBAwwCjAIBgZngQwBAgEwDgYDVR0P\nAQH/BAQDAgWgMBMGA1UdJQQMMAoGCCsGAQUFBwMBMDsGA1UdHwQ0MDIwMKAuoCyG\nKmh0dHA6Ly9jcmwucjJtMDEuYW1hem9udHJ1c3QuY29tL3IybTAxLmNybDB1Bggr\nBgEFBQcBAQRpMGcwLQYIKwYBBQUHMAGGIWh0dHA6Ly9vY3NwLnIybTAxLmFtYXpv\nbnRydXN0LmNvbTA2BggrBgEFBQcwAoYqaHR0cDovL2NydC5yMm0wMS5hbWF6b250\ncnVzdC5jb20vcjJtMDEuY2VyMAwGA1UdEwEB/wQCMAAwggF+BgorBgEEAdZ5AgQC\nBIIBbgSCAWoBaAB2AExj3JjlnB2riPYeij3ero+rRKM3e1+blMP7oZz8wb4mAAAB\nnAH9CAMAAAQDAEcwRQIhAI8PlB2jNFazMB00cQHZj3OPt/54WzOevtEDjh02GNQT\nAiBh8rurZ53vnfe3xl+PCSQtSZVcsgDj+kynhRk13wss0AB2AByfaCzp+vBFaVD4\nG5aKh93bMhDYTObIsuOCUkrEz1mfAAABnAH9CAwAAAQDAEcwRQIhALpC7CXRXY97\nUkAr72OOidoiuTlhlJ53phX0MT7SHCSBAiABJxS+MLsz5rnCrAVsi/n0T5HzGUiq\ncEHcJKgAuc56GwB2AGBMmq96f3dfAdQG/JINyJnrCxx9+MlSG/r6F3c7l4vJAAAB\nnAH9CL8AAAQDAEcwRQIhAJi8AkKXLfbua5d/OrKw1OxMeWGiCxPAqBXmRYe2ZUXV\nAiBwjM5frKihiS393HG3DBKiA74nZ/a/yph2Y7r4jd5kHjANBgkqhkiG9w0BAQsF\nAAOCAQEAOMV+rGV/bWiu0buiPDOP8JsQ/VqcQlT4o/MKYDn3yg3d1wwc3oKiZyha\nK46Jm7q+vWhbPR5qQtPYzOUOo3y1HpRFJ+Uwr9wBkXhaNLtnDeu+SeEPluyb+D5C\nOmt6VYmKs8dleTrD5tEQxRan6b/MI+4IOyBRybZiC1DclPje9YaB5+B68y9SRGVg\nkbXFrvXYVk3/adx6xjIEFAoZNF8UTsmQ/36HbbRcP8hDzG3wEs6dtL8Pus8jldqd\neFnAplIChSZKSgh8FUeEExT6V9s3rHuhu8d/34CE7ZZpmIqtywPAAFw/opKWmu/n\nnWz64HuoXkoeRVKSgDcUXfld4yK8lg==\n-----END CERTIFICATE-----\n",
                "is_ca": false,
                "issuer": "CN=Amazon RSA 2048 M01,O=Amazon,C=US",
                "max_path_length": -1,
                "not_after": "2027-02-26T23:59:59Z",
                "not_before": "2026-01-28T00:00:00Z",
                "public_key_algorithm": "RSA",
                "serial_number": "3479914644281445660380032620482494001",
                "sha1_fingerprint": "19ad2e462c50e774b5c5703380bef4eb49c62767",
                "signature_algorithm": "SHA256-RSA",
                "subject": "CN=*.eks.eu-central-1.amazonaws.com",
                "version": 3
              }
            ],
            "content": null,
            "id": "38b12f081caa262d3c3b1b0f23fda4734317a14d",
            "url": "https://oidc.eks.eu-central-1.amazonaws.com/id/2457B47201C97EB7795D2BD49E3044D8",
            "verify_chain": true
          },
          "sensitive_attributes": [],
          "identity_schema_version": 0
        }
      ]
    },
    {
      "module": "module.eks.module.aws_eks",
      "mode": "managed",
      "type": "aws_cloudwatch_log_group",
      "name": "this",
      "provider": "provider[\"registry.terraform.io/hashicorp/aws\"]",
      "instances": [
        {
          "index_key": 0,
          "schema_version": 0,
          "attributes": {
            "arn": "arn:aws:logs:eu-central-1:731872836472:log-group:/aws/eks/dev-cluster/cluster",
            "id": "/aws/eks/dev-cluster/cluster",
            "kms_key_id": "",
            "log_group_class": "STANDARD",
            "name": "/aws/eks/dev-cluster/cluster",
            "name_prefix": "",
            "retention_in_days": 90,
            "skip_destroy": false,
            "tags": {
              "Name": "/aws/eks/dev-cluster/cluster"
            },
            "tags_all": {
              "Name": "/aws/eks/dev-cluster/cluster"
            }
          },
          "sensitive_attributes": [],
          "identity_schema_version": 0,
          "private": "bnVsbA==",
          "create_before_destroy": true
        }
      ]
    },
    {
      "module": "module.eks.module.aws_eks",
      "mode": "managed",
      "type": "aws_eks_access_entry",
      "name": "this",
      "provider": "provider[\"registry.terraform.io/hashicorp/aws\"]",
      "instances": [
        {
          "index_key": "cluster_creator",
          "schema_version": 0,
          "attributes": {
            "access_entry_arn": "arn:aws:eks:eu-central-1:731872836472:access-entry/dev-cluster/user/731872836472/admin/00d04b50-6183-94a5-fef3-b2340269d7d9",
            "cluster_name": "dev-cluster",
            "created_at": "2026-09-12T17:18:33Z",
            "id": "dev-cluster:arn:aws:iam::731872836472:user/admin",
            "kubernetes_groups": [],
            "modified_at": "2026-09-12T17:18:33Z",
            "principal_arn": "arn:aws:iam::731872836472:user/admin",
            "tags": null,
            "tags_all": {},
            "timeouts": null,
            "type": "STANDARD",
            "user_name": "arn:aws:iam::731872836472:user/admin"
          },
          "sensitive_attributes": [],
          "identity_schema_version": 0,
          "private": "eyJlMmJmYjczMC1lY2FhLTExZTYtOGY4OC0zNDM2M2JjN2M0YzAiOnsiY3JlYXRlIjo2MDAwMDAwMDAwMDAsImRlbGV0ZSI6NjAwMDAwMDAwMDAwfX0=",
          "dependencies": [
            "module.eks.module.aws_eks.aws_cloudwatch_log_group.this",
            "module.eks.module.aws_eks.aws_eks_cluster.this",
            "module.eks.module.aws_eks.aws_iam_policy.cni_ipv6_policy",
            "module.eks.module.aws_eks.aws_iam_role.this",
            "module.eks.module.aws_eks.aws_iam_role_policy_attachment.this",
            "module.eks.module.aws_eks.aws_security_group.cluster",
            "module.eks.module.aws_eks.aws_security_group.node",
            "module.eks.module.aws_eks.aws_security_group_rule.cluster",
            "module.eks.module.aws_eks.aws_security_group_rule.node",
            "module.eks.module.aws_eks.data.aws_caller_identity.current",
            "module.eks.module.aws_eks.data.aws_iam_policy_document.assume_role_policy",
            "module.eks.module.aws_eks.data.aws_iam_policy_document.cni_ipv6_policy",
            "module.eks.module.aws_eks.data.aws_iam_session_context.current",
            "module.eks.module.aws_eks.data.aws_partition.current",
            "module.eks.module.aws_eks.module.kms.aws_kms_external_key.this",
            "module.eks.module.aws_eks.module.kms.aws_kms_key.this",
            "module.eks.module.aws_eks.module.kms.aws_kms_replica_external_key.this",
            "module.eks.module.aws_eks.module.kms.aws_kms_replica_key.this",
            "module.eks.module.aws_eks.module.kms.data.aws_caller_identity.current",
            "module.eks.module.aws_eks.module.kms.data.aws_iam_policy_document.this",
            "module.eks.module.aws_eks.module.kms.data.aws_partition.current",
            "module.vpc.module.aws_vpc.aws_subnet.private",
            "module.vpc.module.aws_vpc.aws_vpc.this",
            "module.vpc.module.aws_vpc.aws_vpc_ipv4_cidr_block_association.this"
          ]
        }
      ]
    },
    {
      "module": "module.eks.module.aws_eks",
      "mode": "managed",
      "type": "aws_eks_access_policy_association",
      "name": "this",
      "provider": "provider[\"registry.terraform.io/hashicorp/aws\"]",
      "instances": [
        {
          "index_key": "cluster_creator_admin",
          "schema_version": 0,
          "attributes": {
            "access_scope": [
              {
                "namespaces": null,
                "type": "cluster"
              }
            ],
            "associated_at": "2026-09-12 17:18:33.967 +0000 UTC",
            "cluster_name": "dev-cluster",
            "id": "dev-cluster#arn:aws:iam::731872836472:user/admin#arn:aws:eks::aws:cluster-access-policy/AmazonEKSClusterAdminPolicy",
            "modified_at": "2026-09-12 17:18:33.967 +0000 UTC",
            "policy_arn": "arn:aws:eks::aws:cluster-access-policy/AmazonEKSClusterAdminPolicy",
            "principal_arn": "arn:aws:iam::731872836472:user/admin",
            "timeouts": null
          },
          "sensitive_attributes": [],
          "identity_schema_version": 0,
          "private": "eyJlMmJmYjczMC1lY2FhLTExZTYtOGY4OC0zNDM2M2JjN2M0YzAiOnsiY3JlYXRlIjo2MDAwMDAwMDAwMDAsImRlbGV0ZSI6NjAwMDAwMDAwMDAwfX0=",
          "dependencies": [
            "module.eks.module.aws_eks.aws_cloudwatch_log_group.this",
            "module.eks.module.aws_eks.aws_eks_access_entry.this",
            "module.eks.module.aws_eks.aws_eks_cluster.this",
            "module.eks.module.aws_eks.aws_iam_policy.cni_ipv6_policy",
            "module.eks.module.aws_eks.aws_iam_role.this",
            "module.eks.module.aws_eks.aws_iam_role_policy_attachment.this",
            "module.eks.module.aws_eks.aws_security_group.cluster",
            "module.eks.module.aws_eks.aws_security_group.node",
            "module.eks.module.aws_eks.aws_security_group_rule.cluster",
            "module.eks.module.aws_eks.aws_security_group_rule.node",
            "module.eks.module.aws_eks.data.aws_caller_identity.current",
            "module.eks.module.aws_eks.data.aws_iam_policy_document.assume_role_policy",
            "module.eks.module.aws_eks.data.aws_iam_policy_document.cni_ipv6_policy",
            "module.eks.module.aws_eks.data.aws_iam_session_context.current",
            "module.eks.module.aws_eks.data.aws_partition.current",
            "module.eks.module.aws_eks.module.kms.aws_kms_external_key.this",
            "module.eks.module.aws_eks.module.kms.aws_kms_key.this",
            "module.eks.module.aws_eks.module.kms.aws_kms_replica_external_key.this",
            "module.eks.module.aws_eks.module.kms.aws_kms_replica_key.this",
            "module.eks.module.aws_eks.module.kms.data.aws_caller_identity.current",
            "module.eks.module.aws_eks.module.kms.data.aws_iam_policy_document.this",
            "module.eks.module.aws_eks.module.kms.data.aws_partition.current",
            "module.vpc.module.aws_vpc.aws_subnet.private",
            "module.vpc.module.aws_vpc.aws_vpc.this",
            "module.vpc.module.aws_vpc.aws_vpc_ipv4_cidr_block_association.this"
          ]
        }
      ]
    },
    {
      "module": "module.eks.module.aws_eks",
      "mode": "managed",
      "type": "aws_eks_cluster",
      "name": "this",
      "provider": "provider[\"registry.terraform.io/hashicorp/aws\"]",
      "instances": [
        {
          "index_key": 0,
          "schema_version": 1,
          "attributes": {
            "access_config": [
              {
                "authentication_mode": "API_AND_CONFIG_MAP",
                "bootstrap_cluster_creator_admin_permissions": false
              }
            ],
            "arn": "arn:aws:eks:eu-central-1:731872836472:cluster/dev-cluster",
            "bootstrap_self_managed_addons": true,
            "certificate_authority": [
              {
                "data": "LS0tLS1CRUdJTiBDRVJUSUZJQ0FURS0tLS0tCk1JSURNVENDQWhtZ0F3SUJBZ0lRREpWd0pjay9lNmIvMHF5KzRhOU9WakFOQmdrcWhraUc5dzBCQVFzRkFEQW4KTVJBd0RnWURWUVFLRXdkQlYxTWdSVXRUTVJNd0VRWURWUVFERXdwcmRXSmxjbTVsZEdWek1CNFhEVEkyTURreApNakUzTVRBeE5sb1hEVE14TURreE1URTNNVEF4Tmxvd0p6RVFNQTRHQTFVRUNoTUhRVmRUSUVWTFV6RVRNQkVHCkExVUVBeE1LYTNWaVpYSnVaWFJsY3pDQ0FTSXdEUVlKS29aSWh2Y05BUUVCQlFBRGdnRVBBRENDQVFvQ2dnRUIKQU1URlhyNGkwOUltVmJBOTdUcmRqeWNQSTBWbmp1T3lROTFnaDlzcDN0Nnc2dXp2aERXanYxUC9tcXRxczg0NApsemFUVUN5Z3lvQllrU0pTZU9iQktiWE9MQmg1VG1iTndpY2p3QmN2Q1cwY1VDY3RUeFNVYXBiYnQveXVoeGRYCjU5Y0l0ZXZvRHQrUzh6WUN5YXJkM2N3UW4ydmV6VlhBY29LOHRoZUNwR0Zmb1NSaHo2Y3BHdmRBN0I1SEVNYnMKa2lKWFFtNDN4WXhpd2FSS21MWEpQYlhkaHNoNkVrTjRndmVxYnpnMHFQZ2VpNCtmY3dORXlaaVlwWUxkSmF6YwpnMExLUzhPc1RXdUhraG9UWnNnT1cwR05BemNva0xUVm9vODhjdmxLdnpnYlk0eks0cy9hY2svOWMzRzgzNTI3Ck8rR0dhc3l1NnJyWlF0cE1DUkhmbUZrQ0F3RUFBYU5aTUZjd0RnWURWUjBQQVFIL0JBUURBZ0trTUE4R0ExVWQKRXdFQi93UUZNQU1CQWY4d0hRWURWUjBPQkJZRUZNajk0WXUvV0hLdmE4Zk55WHpoMEhFeWxRWnNNQlVHQTFVZApFUVFPTUF5Q0NtdDFZbVZ5Ym1WMFpYTXdEUVlKS29aSWh2Y05BUUVMQlFBRGdnRUJBSGxyZXNFSzMvR3RUOVFHClNnOXFaL21xSEFiUTRuZ29oZTFndU5wWTd0QTM5d21ydWFUbVV0YVVnZkdGQUtSMy8xQmpSQnlvKzdKUm5nRlUKMWlIYzVHcUtsSk1aWW1LOWVTZmh6NWtxekZ4bGRxd2RvdHlycU1wS2Zlc3M4NFI1QXk5cTd1dkkzaXRHYTlHSQpyc2tDdUYwZWloNVpVU2V1eEVoUEtjNFNaaW9aRnlyQ1VBa0RjeFI1NjJsSzk3ZFNDU2FGZktyK3h2dDNLbU9HCkdCa1Fialk2TzdCOXlGUk1MOS8vQzlyVFo3RjdIS1UxdGJTMTVOYkhUMVJ0Q2tmL3RYR1h4MXhGQk9RZEZGVUMKSlR0aldVS2Z5NncxTXJVeTRqYU9pRmdCSVJVSGNaL1UvSHhYZXVvUDFVb1p4THRzWEtTYjE5WDZ6WWVnYU9SLwo3OENSVlk0PQotLS0tLUVORCBDRVJUSUZJQ0FURS0tLS0tCg=="
              }
            ],
            "cluster_id": null,
            "compute_config": [],
            "created_at": "2026-09-12T17:10:07Z",
            "enabled_cluster_log_types": [
              "api",
              "audit",
              "authenticator"
            ],
            "encryption_config": [
              {
                "provider": [
                  {
                    "key_arn": "arn:aws:kms:eu-central-1:731872836472:key/c16d2724-37a5-446b-8d72-6cc3c38d2531"
                  }
                ],
                "resources": [
                  "secrets"
                ]
              }
            ],
            "endpoint": "https://2457B47201C97EB7795D2BD49E3044D8.yl4.eu-central-1.eks.amazonaws.com",
            "force_update_version": null,
            "id": "dev-cluster",
            "identity": [
              {
                "oidc": [
                  {
                    "issuer": "https://oidc.eks.eu-central-1.amazonaws.com/id/2457B47201C97EB7795D2BD49E3044D8"
                  }
                ]
              }
            ],
            "kubernetes_network_config": [
              {
                "elastic_load_balancing": [
                  {
                    "enabled": false
                  }
                ],
                "ip_family": "ipv4",
                "service_ipv4_cidr": "172.20.0.0/16",
                "service_ipv6_cidr": ""
              }
            ],
            "name": "dev-cluster",
            "outpost_config": [],
            "platform_version": "eks.47",
            "remote_network_config": [],
            "role_arn": "arn:aws:iam::731872836472:role/dev-cluster-cluster-20260912170941676600000002",
            "status": "ACTIVE",
            "storage_config": [],
            "tags": {
              "terraform-aws-modules": "eks"
            },
            "tags_all": {
              "terraform-aws-modules": "eks"
            },
            "timeouts": {
              "create": null,
              "delete": null,
              "update": null
            },
            "upgrade_policy": [
              {
                "support_type": "EXTENDED"
              }
            ],
            "version": "1.33",
            "vpc_config": [
              {
                "cluster_security_group_id": "sg-086c794b665bf2c42",
                "endpoint_private_access": true,
                "endpoint_public_access": true,
                "public_access_cidrs": [
                  "0.0.0.0/0"
                ],
                "security_group_ids": [
                  "sg-03c70ee54a11cd584"
                ],
                "subnet_ids": [
                  "subnet-05e24d8e976b6cb83",
                  "subnet-07a891b44ea75b7b7",
                  "subnet-08741d5479403fa22"
                ],
                "vpc_id": "vpc-02bb181331d696bb4"
              }
            ],
            "zonal_shift_config": []
          },
          "sensitive_attributes": [],
          "identity_schema_version": 0,
          "private": "eyJlMmJmYjczMC1lY2FhLTExZTYtOGY4OC0zNDM2M2JjN2M0YzAiOnsiY3JlYXRlIjoxODAwMDAwMDAwMDAwLCJkZWxldGUiOjkwMDAwMDAwMDAwMCwidXBkYXRlIjozNjAwMDAwMDAwMDAwfSwic2NoZW1hX3ZlcnNpb24iOiIxIn0=",
          "dependencies": [
            "module.eks.module.aws_eks.aws_cloudwatch_log_group.this",
            "module.eks.module.aws_eks.aws_iam_policy.cni_ipv6_policy",
            "module.eks.module.aws_eks.aws_iam_role.this",
            "module.eks.module.aws_eks.aws_iam_role_policy_attachment.this",
            "module.eks.module.aws_eks.aws_security_group.cluster",
            "module.eks.module.aws_eks.aws_security_group.node",
            "module.eks.module.aws_eks.aws_security_group_rule.cluster",
            "module.eks.module.aws_eks.aws_security_group_rule.node",
            "module.eks.module.aws_eks.data.aws_caller_identity.current",
            "module.eks.module.aws_eks.data.aws_iam_policy_document.assume_role_policy",
            "module.eks.module.aws_eks.data.aws_iam_policy_document.cni_ipv6_policy",
            "module.eks.module.aws_eks.data.aws_iam_session_context.current",
            "module.eks.module.aws_eks.data.aws_partition.current",
            "module.eks.module.aws_eks.module.kms.aws_kms_external_key.this",
            "module.eks.module.aws_eks.module.kms.aws_kms_key.this",
            "module.eks.module.aws_eks.module.kms.aws_kms_replica_external_key.this",
            "module.eks.module.aws_eks.module.kms.aws_kms_replica_key.this",
            "module.eks.module.aws_eks.module.kms.data.aws_caller_identity.current",
            "module.eks.module.aws_eks.module.kms.data.aws_iam_policy_document.this",
            "module.eks.module.aws_eks.module.kms.data.aws_partition.current",
            "module.vpc.module.aws_vpc.aws_subnet.private",
            "module.vpc.module.aws_vpc.aws_vpc.this",
            "module.vpc.module.aws_vpc.aws_vpc_ipv4_cidr_block_association.this"
          ],
          "create_before_destroy": true
        }
      ]
    },
    {
      "module": "module.eks.module.aws_eks",
      "mode": "managed",
      "type": "aws_iam_openid_connect_provider",
      "name": "oidc_provider",
      "provider": "provider[\"registry.terraform.io/hashicorp/aws\"]",
      "instances": [
        {
          "index_key": 0,
          "schema_version": 0,
          "attributes": {
            "arn": "arn:aws:iam::731872836472:oidc-provider/oidc.eks.eu-central-1.amazonaws.com/id/2457B47201C97EB7795D2BD49E3044D8",
            "client_id_list": [
              "sts.amazonaws.com"
            ],
            "id": "arn:aws:iam::731872836472:oidc-provider/oidc.eks.eu-central-1.amazonaws.com/id/2457B47201C97EB7795D2BD49E3044D8",
            "tags": {
              "Name": "dev-cluster-eks-irsa"
            },
            "tags_all": {
              "Name": "dev-cluster-eks-irsa"
            },
            "thumbprint_list": [
              "06b25927c42a721631c1efd9431e648fa62e1e39"
            ],
            "url": "oidc.eks.eu-central-1.amazonaws.com/id/2457B47201C97EB7795D2BD49E3044D8"
          },
          "sensitive_attributes": [],
          "identity_schema_version": 0,
          "private": "bnVsbA==",
          "dependencies": [
            "module.eks.module.aws_eks.aws_cloudwatch_log_group.this",
            "module.eks.module.aws_eks.aws_eks_cluster.this",
            "module.eks.module.aws_eks.aws_iam_policy.cni_ipv6_policy",
            "module.eks.module.aws_eks.aws_iam_role.this",
            "module.eks.module.aws_eks.aws_iam_role_policy_attachment.this",
            "module.eks.module.aws_eks.aws_security_group.cluster",
            "module.eks.module.aws_eks.aws_security_group.node",
            "module.eks.module.aws_eks.aws_security_group_rule.cluster",
            "module.eks.module.aws_eks.aws_security_group_rule.node",
            "module.eks.module.aws_eks.data.aws_caller_identity.current",
            "module.eks.module.aws_eks.data.aws_iam_policy_document.assume_role_policy",
            "module.eks.module.aws_eks.data.aws_iam_policy_document.cni_ipv6_policy",
            "module.eks.module.aws_eks.data.aws_iam_session_context.current",
            "module.eks.module.aws_eks.data.aws_partition.current",
            "module.eks.module.aws_eks.data.tls_certificate.this",
            "module.eks.module.aws_eks.module.kms.aws_kms_external_key.this",
            "module.eks.module.aws_eks.module.kms.aws_kms_key.this",
            "module.eks.module.aws_eks.module.kms.aws_kms_replica_external_key.this",
            "module.eks.module.aws_eks.module.kms.aws_kms_replica_key.this",
            "module.eks.module.aws_eks.module.kms.data.aws_caller_identity.current",
            "module.eks.module.aws_eks.module.kms.data.aws_iam_policy_document.this",
            "module.eks.module.aws_eks.module.kms.data.aws_partition.current",
            "module.vpc.module.aws_vpc.aws_subnet.private",
            "module.vpc.module.aws_vpc.aws_vpc.this",
            "module.vpc.module.aws_vpc.aws_vpc_ipv4_cidr_block_association.this"
          ]
        }
      ]
    },
    {
      "module": "module.eks.module.aws_eks",
      "mode": "managed",
      "type": "aws_iam_policy",
      "name": "cluster_encryption",
      "provider": "provider[\"registry.terraform.io/hashicorp/aws\"]",
      "instances": [
        {
          "index_key": 0,
          "schema_version": 0,
          "attributes": {
            "arn": "arn:aws:iam::731872836472:policy/dev-cluster-cluster-ClusterEncryption2026091217100525300000000d",
            "attachment_count": 0,
            "description": "Cluster encryption policy to allow cluster role to utilize CMK provided",
            "id": "arn:aws:iam::731872836472:policy/dev-cluster-cluster-ClusterEncryption2026091217100525300000000d",
            "name": "dev-cluster-cluster-ClusterEncryption2026091217100525300000000d",
            "name_prefix": "dev-cluster-cluster-ClusterEncryption",
            "path": "/",
            "policy": "{\"Statement\":[{\"Action\":[\"kms:Encrypt\",\"kms:Decrypt\",\"kms:ListGrants\",\"kms:DescribeKey\"],\"Effect\":\"Allow\",\"Resource\":\"arn:aws:kms:eu-central-1:731872836472:key/c16d2724-37a5-446b-8d72-6cc3c38d2531\"}],\"Version\":\"2012-10-17\"}",
            "policy_id": "ANPA2UZYFHN4OBXL4ETIR",
            "tags": null,
            "tags_all": {}
          },
          "sensitive_attributes": [],
          "identity_schema_version": 0,
          "private": "bnVsbA==",
          "dependencies": [
            "module.eks.module.aws_eks.aws_iam_role.this",
            "module.eks.module.aws_eks.data.aws_caller_identity.current",
            "module.eks.module.aws_eks.data.aws_iam_policy_document.assume_role_policy",
            "module.eks.module.aws_eks.data.aws_iam_session_context.current",
            "module.eks.module.aws_eks.module.kms.aws_kms_external_key.this",
            "module.eks.module.aws_eks.module.kms.aws_kms_key.this",
            "module.eks.module.aws_eks.module.kms.aws_kms_replica_external_key.this",
            "module.eks.module.aws_eks.module.kms.aws_kms_replica_key.this",
            "module.eks.module.aws_eks.module.kms.data.aws_caller_identity.current",
            "module.eks.module.aws_eks.module.kms.data.aws_iam_policy_document.this",
            "module.eks.module.aws_eks.module.kms.data.aws_partition.current"
          ]
        }
      ]
    },
    {
      "module": "module.eks.module.aws_eks",
      "mode": "managed",
      "type": "aws_iam_role",
      "name": "this",
      "provider": "provider[\"registry.terraform.io/hashicorp/aws\"]",
      "instances": [
        {
          "index_key": 0,
          "schema_version": 0,
          "attributes": {
            "arn": "arn:aws:iam::731872836472:role/dev-cluster-cluster-20260912170941676600000002",
            "assume_role_policy": "{\"Statement\":[{\"Action\":\"sts:AssumeRole\",\"Effect\":\"Allow\",\"Principal\":{\"Service\":\"eks.amazonaws.com\"},\"Sid\":\"EKSClusterAssumeRole\"}],\"Version\":\"2012-10-17\"}",
            "create_date": "2026-09-12T17:09:42Z",
            "description": "",
            "force_detach_policies": true,
            "id": "dev-cluster-cluster-20260912170941676600000002",
            "inline_policy": [
              {
                "name": "dev-cluster-cluster",
                "policy": "{\"Version\":\"2012-10-17\",\"Statement\":[{\"Action\":[\"logs:CreateLogGroup\"],\"Effect\":\"Deny\",\"Resource\":\"*\"}]}"
              }
            ],
            "managed_policy_arns": [],
            "max_session_duration": 3600,
            "name": "dev-cluster-cluster-20260912170941676600000002",
            "name_prefix": "dev-cluster-cluster-",
            "path": "/",
            "permissions_boundary": "",
            "tags": null,
            "tags_all": {},
            "unique_id": "AROA2UZYFHN4OHSNFPWIA"
          },
          "sensitive_attributes": [],
          "identity_schema_version": 0,
          "private": "bnVsbA==",
          "dependencies": [
            "module.eks.module.aws_eks.data.aws_iam_policy_document.assume_role_policy"
          ],
          "create_before_destroy": true
        }
      ]
    },
    {
      "module": "module.eks.module.aws_eks",
      "mode": "managed",
      "type": "aws_iam_role_policy_attachment",
      "name": "cluster_encryption",
      "provider": "provider[\"registry.terraform.io/hashicorp/aws\"]",
      "instances": [
        {
          "index_key": 0,
          "schema_version": 0,
          "attributes": {
            "id": "dev-cluster-cluster-20260912170941676600000002-2026091217100606870000000e",
            "policy_arn": "arn:aws:iam::731872836472:policy/dev-cluster-cluster-ClusterEncryption2026091217100525300000000d",
            "role": "dev-cluster-cluster-20260912170941676600000002"
          },
          "sensitive_attributes": [],
          "identity_schema_version": 0,
          "private": "bnVsbA==",
          "dependencies": [
            "module.eks.module.aws_eks.aws_iam_policy.cluster_encryption",
            "module.eks.module.aws_eks.aws_iam_role.this",
            "module.eks.module.aws_eks.data.aws_caller_identity.current",
            "module.eks.module.aws_eks.data.aws_iam_policy_document.assume_role_policy",
            "module.eks.module.aws_eks.data.aws_iam_session_context.current",
            "module.eks.module.aws_eks.module.kms.aws_kms_external_key.this",
            "module.eks.module.aws_eks.module.kms.aws_kms_key.this",
            "module.eks.module.aws_eks.module.kms.aws_kms_replica_external_key.this",
            "module.eks.module.aws_eks.module.kms.aws_kms_replica_key.this",
            "module.eks.module.aws_eks.module.kms.data.aws_caller_identity.current",
            "module.eks.module.aws_eks.module.kms.data.aws_iam_policy_document.this",
            "module.eks.module.aws_eks.module.kms.data.aws_partition.current"
          ]
        }
      ]
    },
    {
      "module": "module.eks.module.aws_eks",
      "mode": "managed",
      "type": "aws_iam_role_policy_attachment",
      "name": "this",
      "provider": "provider[\"registry.terraform.io/hashicorp/aws\"]",
      "instances": [
        {
          "index_key": "AmazonEKSClusterPolicy",
          "schema_version": 0,
          "attributes": {
            "id": "dev-cluster-cluster-20260912170941676600000002-20260912170943755600000007",
            "policy_arn": "arn:aws:iam::aws:policy/AmazonEKSClusterPolicy",
            "role": "dev-cluster-cluster-20260912170941676600000002"
          },
          "sensitive_attributes": [],
          "identity_schema_version": 0,
          "private": "bnVsbA==",
          "dependencies": [
            "module.eks.module.aws_eks.aws_iam_role.this",
            "module.eks.module.aws_eks.data.aws_iam_policy_document.assume_role_policy",
            "module.eks.module.aws_eks.data.aws_partition.current"
          ],
          "create_before_destroy": true
        },
        {
          "index_key": "AmazonEKSVPCResourceController",
          "schema_version": 0,
          "attributes": {
            "id": "dev-cluster-cluster-20260912170941676600000002-20260912170943722100000006",
            "policy_arn": "arn:aws:iam::aws:policy/AmazonEKSVPCResourceController",
            "role": "dev-cluster-cluster-20260912170941676600000002"
          },
          "sensitive_attributes": [],
          "identity_schema_version": 0,
          "private": "bnVsbA==",
          "dependencies": [
            "module.eks.module.aws_eks.aws_iam_role.this",
            "module.eks.module.aws_eks.data.aws_iam_policy_document.assume_role_policy",
            "module.eks.module.aws_eks.data.aws_partition.current"
          ],
          "create_before_destroy": true
        }
      ]
    },
    {
      "module": "module.eks.module.aws_eks",
      "mode": "managed",
      "type": "aws_security_group",
      "name": "cluster",
      "provider": "provider[\"registry.terraform.io/hashicorp/aws\"]",
      "instances": [
        {
          "index_key": 0,
          "schema_version": 1,
          "attributes": {
            "arn": "arn:aws:ec2:eu-central-1:731872836472:security-group/sg-03c70ee54a11cd584",
            "description": "EKS cluster security group",
            "egress": [],
            "id": "sg-03c70ee54a11cd584",
            "ingress": [],
            "name": "dev-cluster-cluster-2026091217095556670000000b",
            "name_prefix": "dev-cluster-cluster-",
            "owner_id": "731872836472",
            "revoke_rules_on_delete": false,
            "tags": {
              "Name": "dev-cluster-cluster"
            },
            "tags_all": {
              "Name": "dev-cluster-cluster"
            },
            "timeouts": null,
            "vpc_id": "vpc-02bb181331d696bb4"
          },
          "sensitive_attributes": [],
          "identity_schema_version": 0,
          "private": "eyJlMmJmYjczMC1lY2FhLTExZTYtOGY4OC0zNDM2M2JjN2M0YzAiOnsiY3JlYXRlIjo2MDAwMDAwMDAwMDAsImRlbGV0ZSI6OTAwMDAwMDAwMDAwfSwic2NoZW1hX3ZlcnNpb24iOiIxIn0=",
          "dependencies": [
            "module.vpc.module.aws_vpc.aws_vpc.this"
          ],
          "create_before_destroy": true
        }
      ]
    },
    {
      "module": "module.eks.module.aws_eks",
      "mode": "managed",
      "type": "aws_security_group",
      "name": "node",
      "provider": "provider[\"registry.terraform.io/hashicorp/aws\"]",
      "instances": [
        {
          "index_key": 0,
          "schema_version": 1,
          "attributes": {
            "arn": "arn:aws:ec2:eu-central-1:731872836472:security-group/sg-098453e395e60577b",
            "description": "EKS node shared security group",
            "egress": [],
            "id": "sg-098453e395e60577b",
            "ingress": [],
            "name": "dev-cluster-node-2026091217095551470000000a",
            "name_prefix": "dev-cluster-node-",
            "owner_id": "731872836472",
            "revoke_rules_on_delete": false,
            "tags": {
              "Name": "dev-cluster-node",
              "kubernetes.io/cluster/dev-cluster": "owned"
            },
            "tags_all": {
              "Name": "dev-cluster-node",
              "kubernetes.io/cluster/dev-cluster": "owned"
            },
            "timeouts": null,
            "vpc_id": "vpc-02bb181331d696bb4"
          },
          "sensitive_attributes": [],
          "identity_schema_version": 0,
          "private": "eyJlMmJmYjczMC1lY2FhLTExZTYtOGY4OC0zNDM2M2JjN2M0YzAiOnsiY3JlYXRlIjo2MDAwMDAwMDAwMDAsImRlbGV0ZSI6OTAwMDAwMDAwMDAwfSwic2NoZW1hX3ZlcnNpb24iOiIxIn0=",
          "dependencies": [
            "module.vpc.module.aws_vpc.aws_vpc.this"
          ],
          "create_before_destroy": true
        }
      ]
    },
    {
      "module": "module.eks.module.aws_eks",
      "mode": "managed",
      "type": "aws_security_group_rule",
      "name": "cluster",
      "provider": "provider[\"registry.terraform.io/hashicorp/aws\"]",
      "instances": [
        {
          "index_key": "ingress_nodes_443",
          "schema_version": 2,
          "attributes": {
            "cidr_blocks": null,
            "description": "Node groups to cluster API",
            "from_port": 443,
            "id": "sgrule-3823366597",
            "ipv6_cidr_blocks": null,
            "prefix_list_ids": null,
            "protocol": "tcp",
            "security_group_id": "sg-03c70ee54a11cd584",
            "security_group_rule_id": "sgr-0fb4d222aad0a944d",
            "self": false,
            "source_security_group_id": "sg-098453e395e60577b",
            "timeouts": null,
            "to_port": 443,
            "type": "ingress"
          },
          "sensitive_attributes": [],
          "identity_schema_version": 0,
          "private": "eyJlMmJmYjczMC1lY2FhLTExZTYtOGY4OC0zNDM2M2JjN2M0YzAiOnsiY3JlYXRlIjozMDAwMDAwMDAwMDB9LCJzY2hlbWFfdmVyc2lvbiI6IjIifQ==",
          "dependencies": [
            "module.eks.module.aws_eks.aws_security_group.cluster",
            "module.eks.module.aws_eks.aws_security_group.node",
            "module.vpc.module.aws_vpc.aws_vpc.this"
          ],
          "create_before_destroy": true
        }
      ]
    },
    {
      "module": "module.eks.module.aws_eks",
      "mode": "managed",
      "type": "aws_security_group_rule",
      "name": "node",
      "provider": "provider[\"registry.terraform.io/hashicorp/aws\"]",
      "instances": [
        {
          "index_key": "egress_all",
          "schema_version": 2,
          "attributes": {
            "cidr_blocks": [
              "0.0.0.0/0"
            ],
            "description": "Allow all egress",
            "from_port": 0,
            "id": "sgrule-1998178886",
            "ipv6_cidr_blocks": null,
            "prefix_list_ids": [],
            "protocol": "-1",
            "security_group_id": "sg-098453e395e60577b",
            "security_group_rule_id": "sgr-0cf9e4c770ee6c123",
            "self": false,
            "source_security_group_id": null,
            "timeouts": null,
            "to_port": 0,
            "type": "egress"
          },
          "sensitive_attributes": [],
          "identity_schema_version": 0,
          "private": "eyJlMmJmYjczMC1lY2FhLTExZTYtOGY4OC0zNDM2M2JjN2M0YzAiOnsiY3JlYXRlIjozMDAwMDAwMDAwMDB9LCJzY2hlbWFfdmVyc2lvbiI6IjIifQ==",
          "dependencies": [
            "module.eks.module.aws_eks.aws_security_group.cluster",
            "module.eks.module.aws_eks.aws_security_group.node",
            "module.vpc.module.aws_vpc.aws_vpc.this"
          ],
          "create_before_destroy": true
        },
        {
          "index_key": "ingress_cluster_443",
          "schema_version": 2,
          "attributes": {
            "cidr_blocks": null,
            "description": "Cluster API to node groups",
            "from_port": 443,
            "id": "sgrule-1619250885",
            "ipv6_cidr_blocks": null,
            "prefix_list_ids": [],
            "protocol": "tcp",
            "security_group_id": "sg-098453e395e60577b",
            "security_group_rule_id": "sgr-0c48f3b295cb61492",
            "self": false,
            "source_security_group_id": "sg-03c70ee54a11cd584",
            "timeouts": null,
            "to_port": 443,
            "type": "ingress"
          },
          "sensitive_attributes": [],
          "identity_schema_version": 0,
          "private": "eyJlMmJmYjczMC1lY2FhLTExZTYtOGY4OC0zNDM2M2JjN2M0YzAiOnsiY3JlYXRlIjozMDAwMDAwMDAwMDB9LCJzY2hlbWFfdmVyc2lvbiI6IjIifQ==",
          "dependencies": [
            "module.eks.module.aws_eks.aws_security_group.cluster",
            "module.eks.module.aws_eks.aws_security_group.node",
            "module.vpc.module.aws_vpc.aws_vpc.this"
          ],
          "create_before_destroy": true
        },
        {
          "index_key": "ingress_cluster_4443_webhook",
          "schema_version": 2,
          "attributes": {
            "cidr_blocks": null,
            "description": "Cluster API to node 4443/tcp webhook",
            "from_port": 4443,
            "id": "sgrule-2352802976",
            "ipv6_cidr_blocks": null,
            "prefix_list_ids": [],
            "protocol": "tcp",
            "security_group_id": "sg-098453e395e60577b",
            "security_group_rule_id": "sgr-012002f35a7b6ea6b",
            "self": false,
            "source_security_group_id": "sg-03c70ee54a11cd584",
            "timeouts": null,
            "to_port": 4443,
            "type": "ingress"
          },
          "sensitive_attributes": [],
          "identity_schema_version": 0,
          "private": "eyJlMmJmYjczMC1lY2FhLTExZTYtOGY4OC0zNDM2M2JjN2M0YzAiOnsiY3JlYXRlIjozMDAwMDAwMDAwMDB9LCJzY2hlbWFfdmVyc2lvbiI6IjIifQ==",
          "dependencies": [
            "module.eks.module.aws_eks.aws_security_group.cluster",
            "module.eks.module.aws_eks.aws_security_group.node",
            "module.vpc.module.aws_vpc.aws_vpc.this"
          ],
          "create_before_destroy": true
        },
        {
          "index_key": "ingress_cluster_6443_webhook",
          "schema_version": 2,
          "attributes": {
            "cidr_blocks": null,
            "description": "Cluster API to node 6443/tcp webhook",
            "from_port": 6443,
            "id": "sgrule-1165921078",
            "ipv6_cidr_blocks": null,
            "prefix_list_ids": [],
            "protocol": "tcp",
            "security_group_id": "sg-098453e395e60577b",
            "security_group_rule_id": "sgr-090550f3d7763c753",
            "self": false,
            "source_security_group_id": "sg-03c70ee54a11cd584",
            "timeouts": null,
            "to_port": 6443,
            "type": "ingress"
          },
          "sensitive_attributes": [],
          "identity_schema_version": 0,
          "private": "eyJlMmJmYjczMC1lY2FhLTExZTYtOGY4OC0zNDM2M2JjN2M0YzAiOnsiY3JlYXRlIjozMDAwMDAwMDAwMDB9LCJzY2hlbWFfdmVyc2lvbiI6IjIifQ==",
          "dependencies": [
            "module.eks.module.aws_eks.aws_security_group.cluster",
            "module.eks.module.aws_eks.aws_security_group.node",
            "module.vpc.module.aws_vpc.aws_vpc.this"
          ],
          "create_before_destroy": true
        },
        {
          "index_key": "ingress_cluster_8443_webhook",
          "schema_version": 2,
          "attributes": {
            "cidr_blocks": null,
            "description": "Cluster API to node 8443/tcp webhook",
            "from_port": 8443,
            "id": "sgrule-1445115671",
            "ipv6_cidr_blocks": null,
            "prefix_list_ids": [],
            "protocol": "tcp",
            "security_group_id": "sg-098453e395e60577b",
            "security_group_rule_id": "sgr-068275b86893c652e",
            "self": false,
            "source_security_group_id": "sg-03c70ee54a11cd584",
            "timeouts": null,
            "to_port": 8443,
            "type": "ingress"
          },
          "sensitive_attributes": [],
          "identity_schema_version": 0,
          "private": "eyJlMmJmYjczMC1lY2FhLTExZTYtOGY4OC0zNDM2M2JjN2M0YzAiOnsiY3JlYXRlIjozMDAwMDAwMDAwMDB9LCJzY2hlbWFfdmVyc2lvbiI6IjIifQ==",
          "dependencies": [
            "module.eks.module.aws_eks.aws_security_group.cluster",
            "module.eks.module.aws_eks.aws_security_group.node",
            "module.vpc.module.aws_vpc.aws_vpc.this"
          ],
          "create_before_destroy": true
        },
        {
          "index_key": "ingress_cluster_9443_webhook",
          "schema_version": 2,
          "attributes": {
            "cidr_blocks": null,
            "description": "Cluster API to node 9443/tcp webhook",
            "from_port": 9443,
            "id": "sgrule-847480028",
            "ipv6_cidr_blocks": null,
            "prefix_list_ids": [],
            "protocol": "tcp",
            "security_group_id": "sg-098453e395e60577b",
            "security_group_rule_id": "sgr-007f5ecec545013a5",
            "self": false,
            "source_security_group_id": "sg-03c70ee54a11cd584",
            "timeouts": null,
            "to_port": 9443,
            "type": "ingress"
          },
          "sensitive_attributes": [],
          "identity_schema_version": 0,
          "private": "eyJlMmJmYjczMC1lY2FhLTExZTYtOGY4OC0zNDM2M2JjN2M0YzAiOnsiY3JlYXRlIjozMDAwMDAwMDAwMDB9LCJzY2hlbWFfdmVyc2lvbiI6IjIifQ==",
          "dependencies": [
            "module.eks.module.aws_eks.aws_security_group.cluster",
            "module.eks.module.aws_eks.aws_security_group.node",
            "module.vpc.module.aws_vpc.aws_vpc.this"
          ],
          "create_before_destroy": true
        },
        {
          "index_key": "ingress_cluster_kubelet",
          "schema_version": 2,
          "attributes": {
            "cidr_blocks": null,
            "description": "Cluster API to node kubelets",
            "from_port": 10250,
            "id": "sgrule-4205840791",
            "ipv6_cidr_blocks": null,
            "prefix_list_ids": [],
            "protocol": "tcp",
            "security_group_id": "sg-098453e395e60577b",
            "security_group_rule_id": "sgr-0cf4840db68acc2a6",
            "self": false,
            "source_security_group_id": "sg-03c70ee54a11cd584",
            "timeouts": null,
            "to_port": 10250,
            "type": "ingress"
          },
          "sensitive_attributes": [],
          "identity_schema_version": 0,
          "private": "eyJlMmJmYjczMC1lY2FhLTExZTYtOGY4OC0zNDM2M2JjN2M0YzAiOnsiY3JlYXRlIjozMDAwMDAwMDAwMDB9LCJzY2hlbWFfdmVyc2lvbiI6IjIifQ==",
          "dependencies": [
            "module.eks.module.aws_eks.aws_security_group.cluster",
            "module.eks.module.aws_eks.aws_security_group.node",
            "module.vpc.module.aws_vpc.aws_vpc.this"
          ],
          "create_before_destroy": true
        },
        {
          "index_key": "ingress_nodes_ephemeral",
          "schema_version": 2,
          "attributes": {
            "cidr_blocks": null,
            "description": "Node to node ingress on ephemeral ports",
            "from_port": 1025,
            "id": "sgrule-1766286804",
            "ipv6_cidr_blocks": null,
            "prefix_list_ids": [],
            "protocol": "tcp",
            "security_group_id": "sg-098453e395e60577b",
            "security_group_rule_id": "sgr-0618c7638351cce7b",
            "self": true,
            "source_security_group_id": null,
            "timeouts": null,
            "to_port": 65535,
            "type": "ingress"
          },
          "sensitive_attributes": [],
          "identity_schema_version": 0,
          "private": "eyJlMmJmYjczMC1lY2FhLTExZTYtOGY4OC0zNDM2M2JjN2M0YzAiOnsiY3JlYXRlIjozMDAwMDAwMDAwMDB9LCJzY2hlbWFfdmVyc2lvbiI6IjIifQ==",
          "dependencies": [
            "module.eks.module.aws_eks.aws_security_group.cluster",
            "module.eks.module.aws_eks.aws_security_group.node",
            "module.vpc.module.aws_vpc.aws_vpc.this"
          ],
          "create_before_destroy": true
        },
        {
          "index_key": "ingress_self_coredns_tcp",
          "schema_version": 2,
          "attributes": {
            "cidr_blocks": null,
            "description": "Node to node CoreDNS",
            "from_port": 53,
            "id": "sgrule-4183562132",
            "ipv6_cidr_blocks": null,
            "prefix_list_ids": [],
            "protocol": "tcp",
            "security_group_id": "sg-098453e395e60577b",
            "security_group_rule_id": "sgr-0feb51f17e825faea",
            "self": true,
            "source_security_group_id": null,
            "timeouts": null,
            "to_port": 53,
            "type": "ingress"
          },
          "sensitive_attributes": [],
          "identity_schema_version": 0,
          "private": "eyJlMmJmYjczMC1lY2FhLTExZTYtOGY4OC0zNDM2M2JjN2M0YzAiOnsiY3JlYXRlIjozMDAwMDAwMDAwMDB9LCJzY2hlbWFfdmVyc2lvbiI6IjIifQ==",
          "dependencies": [
            "module.eks.module.aws_eks.aws_security_group.cluster",
            "module.eks.module.aws_eks.aws_security_group.node",
            "module.vpc.module.aws_vpc.aws_vpc.this"
          ],
          "create_before_destroy": true
        },
        {
          "index_key": "ingress_self_coredns_udp",
          "schema_version": 2,
          "attributes": {
            "cidr_blocks": null,
            "description": "Node to node CoreDNS UDP",
            "from_port": 53,
            "id": "sgrule-1560523899",
            "ipv6_cidr_blocks": null,
            "prefix_list_ids": [],
            "protocol": "udp",
            "security_group_id": "sg-098453e395e60577b",
            "security_group_rule_id": "sgr-023876b94a424b1e4",
            "self": true,
            "source_security_group_id": null,
            "timeouts": null,
            "to_port": 53,
            "type": "ingress"
          },
          "sensitive_attributes": [],
          "identity_schema_version": 0,
          "private": "eyJlMmJmYjczMC1lY2FhLTExZTYtOGY4OC0zNDM2M2JjN2M0YzAiOnsiY3JlYXRlIjozMDAwMDAwMDAwMDB9LCJzY2hlbWFfdmVyc2lvbiI6IjIifQ==",
          "dependencies": [
            "module.eks.module.aws_eks.aws_security_group.cluster",
            "module.eks.module.aws_eks.aws_security_group.node",
            "module.vpc.module.aws_vpc.aws_vpc.this"
          ],
          "create_before_destroy": true
        }
      ]
    },
    {
      "module": "module.eks.module.aws_eks",
      "mode": "managed",
      "type": "time_sleep",
      "name": "this",
      "provider": "provider[\"registry.terraform.io/hashicorp/time\"]",
      "instances": [
        {
          "index_key": 0,
          "schema_version": 0,
          "attributes": {
            "create_duration": "30s",
            "destroy_duration": null,
            "id": "2026-09-12T17:19:03Z",
            "triggers": {
              "cluster_certificate_authority_data": "LS0tLS1CRUdJTiBDRVJUSUZJQ0FURS0tLS0tCk1JSURNVENDQWhtZ0F3SUJBZ0lRREpWd0pjay9lNmIvMHF5KzRhOU9WakFOQmdrcWhraUc5dzBCQVFzRkFEQW4KTVJBd0RnWURWUVFLRXdkQlYxTWdSVXRUTVJNd0VRWURWUVFERXdwcmRXSmxjbTVsZEdWek1CNFhEVEkyTURreApNakUzTVRBeE5sb1hEVE14TURreE1URTNNVEF4Tmxvd0p6RVFNQTRHQTFVRUNoTUhRVmRUSUVWTFV6RVRNQkVHCkExVUVBeE1LYTNWaVpYSnVaWFJsY3pDQ0FTSXdEUVlKS29aSWh2Y05BUUVCQlFBRGdnRVBBRENDQVFvQ2dnRUIKQU1URlhyNGkwOUltVmJBOTdUcmRqeWNQSTBWbmp1T3lROTFnaDlzcDN0Nnc2dXp2aERXanYxUC9tcXRxczg0NApsemFUVUN5Z3lvQllrU0pTZU9iQktiWE9MQmg1VG1iTndpY2p3QmN2Q1cwY1VDY3RUeFNVYXBiYnQveXVoeGRYCjU5Y0l0ZXZvRHQrUzh6WUN5YXJkM2N3UW4ydmV6VlhBY29LOHRoZUNwR0Zmb1NSaHo2Y3BHdmRBN0I1SEVNYnMKa2lKWFFtNDN4WXhpd2FSS21MWEpQYlhkaHNoNkVrTjRndmVxYnpnMHFQZ2VpNCtmY3dORXlaaVlwWUxkSmF6YwpnMExLUzhPc1RXdUhraG9UWnNnT1cwR05BemNva0xUVm9vODhjdmxLdnpnYlk0eks0cy9hY2svOWMzRzgzNTI3Ck8rR0dhc3l1NnJyWlF0cE1DUkhmbUZrQ0F3RUFBYU5aTUZjd0RnWURWUjBQQVFIL0JBUURBZ0trTUE4R0ExVWQKRXdFQi93UUZNQU1CQWY4d0hRWURWUjBPQkJZRUZNajk0WXUvV0hLdmE4Zk55WHpoMEhFeWxRWnNNQlVHQTFVZApFUVFPTUF5Q0NtdDFZbVZ5Ym1WMFpYTXdEUVlKS29aSWh2Y05BUUVMQlFBRGdnRUJBSGxyZXNFSzMvR3RUOVFHClNnOXFaL21xSEFiUTRuZ29oZTFndU5wWTd0QTM5d21ydWFUbVV0YVVnZkdGQUtSMy8xQmpSQnlvKzdKUm5nRlUKMWlIYzVHcUtsSk1aWW1LOWVTZmh6NWtxekZ4bGRxd2RvdHlycU1wS2Zlc3M4NFI1QXk5cTd1dkkzaXRHYTlHSQpyc2tDdUYwZWloNVpVU2V1eEVoUEtjNFNaaW9aRnlyQ1VBa0RjeFI1NjJsSzk3ZFNDU2FGZktyK3h2dDNLbU9HCkdCa1Fialk2TzdCOXlGUk1MOS8vQzlyVFo3RjdIS1UxdGJTMTVOYkhUMVJ0Q2tmL3RYR1h4MXhGQk9RZEZGVUMKSlR0aldVS2Z5NncxTXJVeTRqYU9pRmdCSVJVSGNaL1UvSHhYZXVvUDFVb1p4THRzWEtTYjE5WDZ6WWVnYU9SLwo3OENSVlk0PQotLS0tLUVORCBDRVJUSUZJQ0FURS0tLS0tCg==",
              "cluster_endpoint": "https://2457B47201C97EB7795D2BD49E3044D8.yl4.eu-central-1.eks.amazonaws.com",
              "cluster_name": "dev-cluster",
              "cluster_service_cidr": "172.20.0.0/16",
              "cluster_version": "1.33"
            }
          },
          "sensitive_attributes": [],
          "identity_schema_version": 0,
          "dependencies": [
            "module.eks.module.aws_eks.aws_cloudwatch_log_group.this",
            "module.eks.module.aws_eks.aws_eks_cluster.this",
            "module.eks.module.aws_eks.aws_iam_policy.cni_ipv6_policy",
            "module.eks.module.aws_eks.aws_iam_role.this",
            "module.eks.module.aws_eks.aws_iam_role_policy_attachment.this",
            "module.eks.module.aws_eks.aws_security_group.cluster",
            "module.eks.module.aws_eks.aws_security_group.node",
            "module.eks.module.aws_eks.aws_security_group_rule.cluster",
            "module.eks.module.aws_eks.aws_security_group_rule.node",
            "module.eks.module.aws_eks.data.aws_caller_identity.current",
            "module.eks.module.aws_eks.data.aws_iam_policy_document.assume_role_policy",
            "module.eks.module.aws_eks.data.aws_iam_policy_document.cni_ipv6_policy",
            "module.eks.module.aws_eks.data.aws_iam_session_context.current",
            "module.eks.module.aws_eks.data.aws_partition.current",
            "module.eks.module.aws_eks.module.kms.aws_kms_external_key.this",
            "module.eks.module.aws_eks.module.kms.aws_kms_key.this",
            "module.eks.module.aws_eks.module.kms.aws_kms_replica_external_key.this",
            "module.eks.module.aws_eks.module.kms.aws_kms_replica_key.this",
            "module.eks.module.aws_eks.module.kms.data.aws_caller_identity.current",
            "module.eks.module.aws_eks.module.kms.data.aws_iam_policy_document.this",
            "module.eks.module.aws_eks.module.kms.data.aws_partition.current",
            "module.vpc.module.aws_vpc.aws_subnet.private",
            "module.vpc.module.aws_vpc.aws_vpc.this",
            "module.vpc.module.aws_vpc.aws_vpc_ipv4_cidr_block_association.this"
          ],
          "create_before_destroy": true
        }
      ]
    },
    {
      "module": "module.eks.module.aws_eks.module.eks_managed_node_group[\"mern_nodes\"]",
      "mode": "data",
      "type": "aws_caller_identity",
      "name": "current",
      "provider": "provider[\"registry.terraform.io/hashicorp/aws\"]",
      "instances": [
        {
          "schema_version": 0,
          "attributes": {
            "account_id": "731872836472",
            "arn": "arn:aws:iam::731872836472:user/admin",
            "id": "731872836472",
            "user_id": "AIDA2UZYFHN4MDKUB4GFB"
          },
          "sensitive_attributes": [],
          "identity_schema_version": 0
        }
      ]
    },
    {
      "module": "module.eks.module.aws_eks.module.eks_managed_node_group[\"mern_nodes\"]",
      "mode": "data",
      "type": "aws_iam_policy_document",
      "name": "assume_role_policy",
      "provider": "provider[\"registry.terraform.io/hashicorp/aws\"]",
      "instances": [
        {
          "index_key": 0,
          "schema_version": 0,
          "attributes": {
            "id": "2560088296",
            "json": "{\n  \"Version\": \"2012-10-17\",\n  \"Statement\": [\n    {\n      \"Sid\": \"EKSNodeAssumeRole\",\n      \"Effect\": \"Allow\",\n      \"Action\": \"sts:AssumeRole\",\n      \"Principal\": {\n        \"Service\": \"ec2.amazonaws.com\"\n      }\n    }\n  ]\n}",
            "minified_json": "{\"Version\":\"2012-10-17\",\"Statement\":[{\"Sid\":\"EKSNodeAssumeRole\",\"Effect\":\"Allow\",\"Action\":\"sts:AssumeRole\",\"Principal\":{\"Service\":\"ec2.amazonaws.com\"}}]}",
            "override_json": null,
            "override_policy_documents": null,
            "policy_id": null,
            "source_json": null,
            "source_policy_documents": null,
            "statement": [
              {
                "actions": [
                  "sts:AssumeRole"
                ],
                "condition": [],
                "effect": "Allow",
                "not_actions": [],
                "not_principals": [],
                "not_resources": [],
                "principals": [
                  {
                    "identifiers": [
                      "ec2.amazonaws.com"
                    ],
                    "type": "Service"
                  }
                ],
                "resources": [],
                "sid": "EKSNodeAssumeRole"
              }
            ],
            "version": "2012-10-17"
          },
          "sensitive_attributes": [],
          "identity_schema_version": 0
        }
      ]
    },
    {
      "module": "module.eks.module.aws_eks.module.eks_managed_node_group[\"mern_nodes\"]",
      "mode": "data",
      "type": "aws_partition",
      "name": "current",
      "provider": "provider[\"registry.terraform.io/hashicorp/aws\"]",
      "instances": [
        {
          "schema_version": 0,
          "attributes": {
            "dns_suffix": "amazonaws.com",
            "id": "aws",
            "partition": "aws",
            "reverse_dns_prefix": "com.amazonaws"
          },
          "sensitive_attributes": [],
          "identity_schema_version": 0
        }
      ]
    },
    {
      "module": "module.eks.module.aws_eks.module.eks_managed_node_group[\"mern_nodes\"]",
      "mode": "managed",
      "type": "aws_eks_node_group",
      "name": "this",
      "provider": "provider[\"registry.terraform.io/hashicorp/aws\"]",
      "instances": [
        {
          "index_key": 0,
          "schema_version": 0,
          "attributes": {
            "ami_type": "AL2023_x86_64_STANDARD",
            "arn": "arn:aws:eks:eu-central-1:731872836472:nodegroup/dev-cluster/mern_nodes-20260912171909369000000011/04d04b50-a892-3e5d-d0b8-76e224dd823f",
            "capacity_type": "ON_DEMAND",
            "cluster_name": "dev-cluster",
            "disk_size": 0,
            "force_update_version": null,
            "id": "dev-cluster:mern_nodes-20260912171909369000000011",
            "instance_types": [
              "t3.medium"
            ],
            "labels": null,
            "launch_template": [
              {
                "id": "lt-0f7c38d62e79ed2b5",
                "name": "mern_nodes-2026091217190322070000000f",
                "version": "1"
              }
            ],
            "node_group_name": "mern_nodes-20260912171909369000000011",
            "node_group_name_prefix": "mern_nodes-",
            "node_repair_config": [],
            "node_role_arn": "arn:aws:iam::731872836472:role/mern_nodes-eks-node-group-20260912170941676500000001",
            "release_version": "1.33.13-20260903",
            "remote_access": [],
            "resources": [
              {
                "autoscaling_groups": [
                  {
                    "name": "eks-mern_nodes-20260912171909369000000011-04d04b50-a892-3e5d-d0b8-76e224dd823f"
                  }
                ],
                "remote_access_security_group_id": ""
              }
            ],
            "scaling_config": [
              {
                "desired_size": 2,
                "max_size": 3,
                "min_size": 1
              }
            ],
            "status": "ACTIVE",
            "subnet_ids": [
              "subnet-05e24d8e976b6cb83",
              "subnet-07a891b44ea75b7b7",
              "subnet-08741d5479403fa22"
            ],
            "tags": {
              "Name": "mern_nodes"
            },
            "tags_all": {
              "Name": "mern_nodes"
            },
            "taint": [],
            "timeouts": {
              "create": null,
              "delete": null,
              "update": null
            },
            "update_config": [
              {
                "max_unavailable": 0,
                "max_unavailable_percentage": 33
              }
            ],
            "version": "1.33"
          },
          "sensitive_attributes": [],
          "identity_schema_version": 0,
          "private": "eyJlMmJmYjczMC1lY2FhLTExZTYtOGY4OC0zNDM2M2JjN2M0YzAiOnsiY3JlYXRlIjozNjAwMDAwMDAwMDAwLCJkZWxldGUiOjM2MDAwMDAwMDAwMDAsInVwZGF0ZSI6MzYwMDAwMDAwMDAwMH19",
          "dependencies": [
            "module.eks.module.aws_eks.aws_cloudwatch_log_group.this",
            "module.eks.module.aws_eks.aws_eks_cluster.this",
            "module.eks.module.aws_eks.aws_iam_policy.cni_ipv6_policy",
            "module.eks.module.aws_eks.aws_iam_role.this",
            "module.eks.module.aws_eks.aws_iam_role_policy_attachment.this",
            "module.eks.module.aws_eks.aws_security_group.cluster",
            "module.eks.module.aws_eks.aws_security_group.node",
            "module.eks.module.aws_eks.aws_security_group_rule.cluster",
            "module.eks.module.aws_eks.aws_security_group_rule.node",
            "module.eks.module.aws_eks.data.aws_caller_identity.current",
            "module.eks.module.aws_eks.data.aws_iam_policy_document.assume_role_policy",
            "module.eks.module.aws_eks.data.aws_iam_policy_document.cni_ipv6_policy",
            "module.eks.module.aws_eks.data.aws_iam_session_context.current",
            "module.eks.module.aws_eks.data.aws_partition.current",
            "module.eks.module.aws_eks.module.eks_managed_node_group.aws_iam_role.this",
            "module.eks.module.aws_eks.module.eks_managed_node_group.aws_iam_role_policy_attachment.this",
            "module.eks.module.aws_eks.module.eks_managed_node_group.aws_launch_template.this",
            "module.eks.module.aws_eks.module.eks_managed_node_group.aws_placement_group.this",
            "module.eks.module.aws_eks.module.eks_managed_node_group.data.aws_caller_identity.current",
            "module.eks.module.aws_eks.module.eks_managed_node_group.data.aws_ec2_instance_type.this",
            "module.eks.module.aws_eks.module.eks_managed_node_group.data.aws_ec2_instance_type_offerings.this",
            "module.eks.module.aws_eks.module.eks_managed_node_group.data.aws_iam_policy_document.assume_role_policy",
            "module.eks.module.aws_eks.module.eks_managed_node_group.data.aws_partition.current",
            "module.eks.module.aws_eks.module.eks_managed_node_group.data.aws_ssm_parameter.ami",
            "module.eks.module.aws_eks.module.eks_managed_node_group.data.aws_subnets.efa",
            "module.eks.module.aws_eks.module.eks_managed_node_group.module.user_data.data.cloudinit_config.al2023_eks_managed_node_group",
            "module.eks.module.aws_eks.module.eks_managed_node_group.module.user_data.data.cloudinit_config.linux_eks_managed_node_group",
            "module.eks.module.aws_eks.module.kms.aws_kms_external_key.this",
            "module.eks.module.aws_eks.module.kms.aws_kms_key.this",
            "module.eks.module.aws_eks.module.kms.aws_kms_replica_external_key.this",
            "module.eks.module.aws_eks.module.kms.aws_kms_replica_key.this",
            "module.eks.module.aws_eks.module.kms.data.aws_caller_identity.current",
            "module.eks.module.aws_eks.module.kms.data.aws_iam_policy_document.this",
            "module.eks.module.aws_eks.module.kms.data.aws_partition.current",
            "module.eks.module.aws_eks.time_sleep.this",
            "module.vpc.module.aws_vpc.aws_subnet.private",
            "module.vpc.module.aws_vpc.aws_vpc.this",
            "module.vpc.module.aws_vpc.aws_vpc_ipv4_cidr_block_association.this"
          ],
          "create_before_destroy": true
        }
      ]
    },
    {
      "module": "module.eks.module.aws_eks.module.eks_managed_node_group[\"mern_nodes\"]",
      "mode": "managed",
      "type": "aws_iam_role",
      "name": "this",
      "provider": "provider[\"registry.terraform.io/hashicorp/aws\"]",
      "instances": [
        {
          "index_key": 0,
          "schema_version": 0,
          "attributes": {
            "arn": "arn:aws:iam::731872836472:role/mern_nodes-eks-node-group-20260912170941676500000001",
            "assume_role_policy": "{\"Statement\":[{\"Action\":\"sts:AssumeRole\",\"Effect\":\"Allow\",\"Principal\":{\"Service\":\"ec2.amazonaws.com\"},\"Sid\":\"EKSNodeAssumeRole\"}],\"Version\":\"2012-10-17\"}",
            "create_date": "2026-09-12T17:09:42Z",
            "description": "EKS managed node group IAM role",
            "force_detach_policies": true,
            "id": "mern_nodes-eks-node-group-20260912170941676500000001",
            "inline_policy": [],
            "managed_policy_arns": [],
            "max_session_duration": 3600,
            "name": "mern_nodes-eks-node-group-20260912170941676500000001",
            "name_prefix": "mern_nodes-eks-node-group-",
            "path": "/",
            "permissions_boundary": "",
            "tags": null,
            "tags_all": {},
            "unique_id": "AROA2UZYFHN4KRLCNJW2H"
          },
          "sensitive_attributes": [],
          "identity_schema_version": 0,
          "private": "bnVsbA==",
          "dependencies": [
            "module.eks.module.aws_eks.module.eks_managed_node_group.data.aws_iam_policy_document.assume_role_policy"
          ],
          "create_before_destroy": true
        }
      ]
    },
    {
      "module": "module.eks.module.aws_eks.module.eks_managed_node_group[\"mern_nodes\"]",
      "mode": "managed",
      "type": "aws_iam_role_policy_attachment",
      "name": "this",
      "provider": "provider[\"registry.terraform.io/hashicorp/aws\"]",
      "instances": [
        {
          "index_key": "AmazonEC2ContainerRegistryReadOnly",
          "schema_version": 0,
          "attributes": {
            "id": "mern_nodes-eks-node-group-20260912170941676500000001-20260912170943182600000004",
            "policy_arn": "arn:aws:iam::aws:policy/AmazonEC2ContainerRegistryReadOnly",
            "role": "mern_nodes-eks-node-group-20260912170941676500000001"
          },
          "sensitive_attributes": [],
          "identity_schema_version": 0,
          "private": "bnVsbA==",
          "dependencies": [
            "module.eks.module.aws_eks.module.eks_managed_node_group.aws_iam_role.this",
            "module.eks.module.aws_eks.module.eks_managed_node_group.data.aws_caller_identity.current",
            "module.eks.module.aws_eks.module.eks_managed_node_group.data.aws_iam_policy_document.assume_role_policy",
            "module.eks.module.aws_eks.module.eks_managed_node_group.data.aws_partition.current"
          ],
          "create_before_destroy": true
        },
        {
          "index_key": "AmazonEKSWorkerNodePolicy",
          "schema_version": 0,
          "attributes": {
            "id": "mern_nodes-eks-node-group-20260912170941676500000001-20260912170943091600000003",
            "policy_arn": "arn:aws:iam::aws:policy/AmazonEKSWorkerNodePolicy",
            "role": "mern_nodes-eks-node-group-20260912170941676500000001"
          },
          "sensitive_attributes": [],
          "identity_schema_version": 0,
          "private": "bnVsbA==",
          "dependencies": [
            "module.eks.module.aws_eks.module.eks_managed_node_group.aws_iam_role.this",
            "module.eks.module.aws_eks.module.eks_managed_node_group.data.aws_caller_identity.current",
            "module.eks.module.aws_eks.module.eks_managed_node_group.data.aws_iam_policy_document.assume_role_policy",
            "module.eks.module.aws_eks.module.eks_managed_node_group.data.aws_partition.current"
          ],
          "create_before_destroy": true
        },
        {
          "index_key": "AmazonEKS_CNI_Policy",
          "schema_version": 0,
          "attributes": {
            "id": "mern_nodes-eks-node-group-20260912170941676500000001-20260912170943295300000005",
            "policy_arn": "arn:aws:iam::aws:policy/AmazonEKS_CNI_Policy",
            "role": "mern_nodes-eks-node-group-20260912170941676500000001"
          },
          "sensitive_attributes": [],
          "identity_schema_version": 0,
          "private": "bnVsbA==",
          "dependencies": [
            "module.eks.module.aws_eks.module.eks_managed_node_group.aws_iam_role.this",
            "module.eks.module.aws_eks.module.eks_managed_node_group.data.aws_caller_identity.current",
            "module.eks.module.aws_eks.module.eks_managed_node_group.data.aws_iam_policy_document.assume_role_policy",
            "module.eks.module.aws_eks.module.eks_managed_node_group.data.aws_partition.current"
          ],
          "create_before_destroy": true
        }
      ]
    },
    {
      "module": "module.eks.module.aws_eks.module.eks_managed_node_group[\"mern_nodes\"]",
      "mode": "managed",
      "type": "aws_launch_template",
      "name": "this",
      "provider": "provider[\"registry.terraform.io/hashicorp/aws\"]",
      "instances": [
        {
          "index_key": 0,
          "schema_version": 0,
          "attributes": {
            "arn": "arn:aws:ec2:eu-central-1:731872836472:launch-template/lt-0f7c38d62e79ed2b5",
            "block_device_mappings": [],
            "capacity_reservation_specification": [],
            "cpu_options": [],
            "credit_specification": [],
            "default_version": 1,
            "description": "Custom launch template for mern_nodes EKS managed node group",
            "disable_api_stop": false,
            "disable_api_termination": false,
            "ebs_optimized": "",
            "elastic_gpu_specifications": [],
            "elastic_inference_accelerator": [],
            "enclave_options": [],
            "hibernation_options": [],
            "iam_instance_profile": [],
            "id": "lt-0f7c38d62e79ed2b5",
            "image_id": "",
            "instance_initiated_shutdown_behavior": "",
            "instance_market_options": [],
            "instance_requirements": [],
            "instance_type": "",
            "kernel_id": "",
            "key_name": "",
            "latest_version": 1,
            "license_specification": [],
            "maintenance_options": [],
            "metadata_options": [
              {
                "http_endpoint": "enabled",
                "http_protocol_ipv6": "",
                "http_put_response_hop_limit": 2,
                "http_tokens": "required",
                "instance_metadata_tags": ""
              }
            ],
            "monitoring": [
              {
                "enabled": true
              }
            ],
            "name": "mern_nodes-2026091217190322070000000f",
            "name_prefix": "mern_nodes-",
            "network_interfaces": [],
            "placement": [],
            "private_dns_name_options": [],
            "ram_disk_id": "",
            "security_group_names": null,
            "tag_specifications": [
              {
                "resource_type": "instance",
                "tags": {
                  "Name": "mern_nodes"
                }
              },
              {
                "resource_type": "network-interface",
                "tags": {
                  "Name": "mern_nodes"
                }
              },
              {
                "resource_type": "volume",
                "tags": {
                  "Name": "mern_nodes"
                }
              }
            ],
            "tags": null,
            "tags_all": {},
            "update_default_version": true,
            "user_data": "",
            "vpc_security_group_ids": [
              "sg-098453e395e60577b"
            ]
          },
          "sensitive_attributes": [],
          "identity_schema_version": 0,
          "private": "bnVsbA==",
          "dependencies": [
            "module.eks.module.aws_eks.aws_cloudwatch_log_group.this",
            "module.eks.module.aws_eks.aws_eks_cluster.this",
            "module.eks.module.aws_eks.aws_iam_policy.cni_ipv6_policy",
            "module.eks.module.aws_eks.aws_iam_role.this",
            "module.eks.module.aws_eks.aws_iam_role_policy_attachment.this",
            "module.eks.module.aws_eks.aws_security_group.cluster",
            "module.eks.module.aws_eks.aws_security_group.node",
            "module.eks.module.aws_eks.aws_security_group_rule.cluster",
            "module.eks.module.aws_eks.aws_security_group_rule.node",
            "module.eks.module.aws_eks.data.aws_caller_identity.current",
            "module.eks.module.aws_eks.data.aws_iam_policy_document.assume_role_policy",
            "module.eks.module.aws_eks.data.aws_iam_policy_document.cni_ipv6_policy",
            "module.eks.module.aws_eks.data.aws_iam_session_context.current",
            "module.eks.module.aws_eks.data.aws_partition.current",
            "module.eks.module.aws_eks.module.eks_managed_node_group.aws_iam_role.this",
            "module.eks.module.aws_eks.module.eks_managed_node_group.aws_iam_role_policy_attachment.this",
            "module.eks.module.aws_eks.module.eks_managed_node_group.aws_placement_group.this",
            "module.eks.module.aws_eks.module.eks_managed_node_group.data.aws_caller_identity.current",
            "module.eks.module.aws_eks.module.eks_managed_node_group.data.aws_ec2_instance_type.this",
            "module.eks.module.aws_eks.module.eks_managed_node_group.data.aws_iam_policy_document.assume_role_policy",
            "module.eks.module.aws_eks.module.eks_managed_node_group.data.aws_partition.current",
            "module.eks.module.aws_eks.module.eks_managed_node_group.module.user_data.data.cloudinit_config.al2023_eks_managed_node_group",
            "module.eks.module.aws_eks.module.eks_managed_node_group.module.user_data.data.cloudinit_config.linux_eks_managed_node_group",
            "module.eks.module.aws_eks.module.kms.aws_kms_external_key.this",
            "module.eks.module.aws_eks.module.kms.aws_kms_key.this",
            "module.eks.module.aws_eks.module.kms.aws_kms_replica_external_key.this",
            "module.eks.module.aws_eks.module.kms.aws_kms_replica_key.this",
            "module.eks.module.aws_eks.module.kms.data.aws_caller_identity.current",
            "module.eks.module.aws_eks.module.kms.data.aws_iam_policy_document.this",
            "module.eks.module.aws_eks.module.kms.data.aws_partition.current",
            "module.eks.module.aws_eks.time_sleep.this",
            "module.vpc.module.aws_vpc.aws_subnet.private",
            "module.vpc.module.aws_vpc.aws_vpc.this",
            "module.vpc.module.aws_vpc.aws_vpc_ipv4_cidr_block_association.this"
          ],
          "create_before_destroy": true
        }
      ]
    },
    {
      "module": "module.eks.module.aws_eks.module.eks_managed_node_group[\"mern_nodes\"].module.user_data",
      "mode": "managed",
      "type": "null_resource",
      "name": "validate_cluster_service_cidr",
      "provider": "provider[\"registry.terraform.io/hashicorp/null\"]",
      "instances": [
        {
          "schema_version": 0,
          "attributes": {
            "id": "4338974384443907804",
            "triggers": null
          },
          "sensitive_attributes": [],
          "identity_schema_version": 0,
          "dependencies": [
            "module.eks.module.aws_eks.aws_cloudwatch_log_group.this",
            "module.eks.module.aws_eks.aws_eks_cluster.this",
            "module.eks.module.aws_eks.aws_iam_policy.cni_ipv6_policy",
            "module.eks.module.aws_eks.aws_iam_role.this",
            "module.eks.module.aws_eks.aws_iam_role_policy_attachment.this",
            "module.eks.module.aws_eks.aws_security_group.cluster",
            "module.eks.module.aws_eks.aws_security_group.node",
            "module.eks.module.aws_eks.aws_security_group_rule.cluster",
            "module.eks.module.aws_eks.aws_security_group_rule.node",
            "module.eks.module.aws_eks.data.aws_caller_identity.current",
            "module.eks.module.aws_eks.data.aws_iam_policy_document.assume_role_policy",
            "module.eks.module.aws_eks.data.aws_iam_policy_document.cni_ipv6_policy",
            "module.eks.module.aws_eks.data.aws_iam_session_context.current",
            "module.eks.module.aws_eks.data.aws_partition.current",
            "module.eks.module.aws_eks.module.kms.aws_kms_external_key.this",
            "module.eks.module.aws_eks.module.kms.aws_kms_key.this",
            "module.eks.module.aws_eks.module.kms.aws_kms_replica_external_key.this",
            "module.eks.module.aws_eks.module.kms.aws_kms_replica_key.this",
            "module.eks.module.aws_eks.module.kms.data.aws_caller_identity.current",
            "module.eks.module.aws_eks.module.kms.data.aws_iam_policy_document.this",
            "module.eks.module.aws_eks.module.kms.data.aws_partition.current",
            "module.eks.module.aws_eks.time_sleep.this",
            "module.vpc.module.aws_vpc.aws_subnet.private",
            "module.vpc.module.aws_vpc.aws_vpc.this",
            "module.vpc.module.aws_vpc.aws_vpc_ipv4_cidr_block_association.this"
          ]
        }
      ]
    },
    {
      "module": "module.eks.module.aws_eks.module.kms",
      "mode": "data",
      "type": "aws_caller_identity",
      "name": "current",
      "provider": "provider[\"registry.terraform.io/hashicorp/aws\"]",
      "instances": [
        {
          "index_key": 0,
          "schema_version": 0,
          "attributes": {
            "account_id": "731872836472",
            "arn": "arn:aws:iam::731872836472:user/admin",
            "id": "731872836472",
            "user_id": "AIDA2UZYFHN4MDKUB4GFB"
          },
          "sensitive_attributes": [],
          "identity_schema_version": 0
        }
      ]
    },
    {
      "module": "module.eks.module.aws_eks.module.kms",
      "mode": "data",
      "type": "aws_iam_policy_document",
      "name": "this",
      "provider": "provider[\"registry.terraform.io/hashicorp/aws\"]",
      "instances": [
        {
          "index_key": 0,
          "schema_version": 0,
          "attributes": {
            "id": "2266204202",
            "json": "{\n  \"Version\": \"2012-10-17\",\n  \"Statement\": [\n    {\n      \"Sid\": \"Default\",\n      \"Effect\": \"Allow\",\n      \"Action\": \"kms:*\",\n      \"Resource\": \"*\",\n      \"Principal\": {\n        \"AWS\": \"arn:aws:iam::731872836472:root\"\n      }\n    },\n    {\n      \"Sid\": \"KeyAdministration\",\n      \"Effect\": \"Allow\",\n      \"Action\": [\n        \"kms:Update*\",\n        \"kms:UntagResource\",\n        \"kms:TagResource\",\n        \"kms:ScheduleKeyDeletion\",\n        \"kms:Revoke*\",\n        \"kms:ReplicateKey\",\n        \"kms:Put*\",\n        \"kms:List*\",\n        \"kms:ImportKeyMaterial\",\n        \"kms:Get*\",\n        \"kms:Enable*\",\n        \"kms:Disable*\",\n        \"kms:Describe*\",\n        \"kms:Delete*\",\n        \"kms:Create*\",\n        \"kms:CancelKeyDeletion\"\n      ],\n      \"Resource\": \"*\",\n      \"Principal\": {\n        \"AWS\": \"arn:aws:iam::731872836472:user/admin\"\n      }\n    },\n    {\n      \"Sid\": \"KeyUsage\",\n      \"Effect\": \"Allow\",\n      \"Action\": [\n        \"kms:ReEncrypt*\",\n        \"kms:GenerateDataKey*\",\n        \"kms:Encrypt\",\n        \"kms:DescribeKey\",\n        \"kms:Decrypt\"\n      ],\n      \"Resource\": \"*\",\n      \"Principal\": {\n        \"AWS\": \"arn:aws:iam::731872836472:role/dev-cluster-cluster-20260912170941676600000002\"\n      }\n    }\n  ]\n}",
            "minified_json": "{\"Version\":\"2012-10-17\",\"Statement\":[{\"Sid\":\"Default\",\"Effect\":\"Allow\",\"Action\":\"kms:*\",\"Resource\":\"*\",\"Principal\":{\"AWS\":\"arn:aws:iam::731872836472:root\"}},{\"Sid\":\"KeyAdministration\",\"Effect\":\"Allow\",\"Action\":[\"kms:Update*\",\"kms:UntagResource\",\"kms:TagResource\",\"kms:ScheduleKeyDeletion\",\"kms:Revoke*\",\"kms:ReplicateKey\",\"kms:Put*\",\"kms:List*\",\"kms:ImportKeyMaterial\",\"kms:Get*\",\"kms:Enable*\",\"kms:Disable*\",\"kms:Describe*\",\"kms:Delete*\",\"kms:Create*\",\"kms:CancelKeyDeletion\"],\"Resource\":\"*\",\"Principal\":{\"AWS\":\"arn:aws:iam::731872836472:user/admin\"}},{\"Sid\":\"KeyUsage\",\"Effect\":\"Allow\",\"Action\":[\"kms:ReEncrypt*\",\"kms:GenerateDataKey*\",\"kms:Encrypt\",\"kms:DescribeKey\",\"kms:Decrypt\"],\"Resource\":\"*\",\"Principal\":{\"AWS\":\"arn:aws:iam::731872836472:role/dev-cluster-cluster-20260912170941676600000002\"}}]}",
            "override_json": null,
            "override_policy_documents": null,
            "policy_id": null,
            "source_json": null,
            "source_policy_documents": null,
            "statement": [
              {
                "actions": [
                  "kms:*"
                ],
                "condition": [],
                "effect": "Allow",
                "not_actions": [],
                "not_principals": [],
                "not_resources": [],
                "principals": [
                  {
                    "identifiers": [
                      "arn:aws:iam::731872836472:root"
                    ],
                    "type": "AWS"
                  }
                ],
                "resources": [
                  "*"
                ],
                "sid": "Default"
              },
              {
                "actions": [
                  "kms:CancelKeyDeletion",
                  "kms:Create*",
                  "kms:Delete*",
                  "kms:Describe*",
                  "kms:Disable*",
                  "kms:Enable*",
                  "kms:Get*",
                  "kms:ImportKeyMaterial",
                  "kms:List*",
                  "kms:Put*",
                  "kms:ReplicateKey",
                  "kms:Revoke*",
                  "kms:ScheduleKeyDeletion",
                  "kms:TagResource",
                  "kms:UntagResource",
                  "kms:Update*"
                ],
                "condition": [],
                "effect": "Allow",
                "not_actions": [],
                "not_principals": [],
                "not_resources": [],
                "principals": [
                  {
                    "identifiers": [
                      "arn:aws:iam::731872836472:user/admin"
                    ],
                    "type": "AWS"
                  }
                ],
                "resources": [
                  "*"
                ],
                "sid": "KeyAdministration"
              },
              {
                "actions": [
                  "kms:Decrypt",
                  "kms:DescribeKey",
                  "kms:Encrypt",
                  "kms:GenerateDataKey*",
                  "kms:ReEncrypt*"
                ],
                "condition": [],
                "effect": "Allow",
                "not_actions": [],
                "not_principals": [],
                "not_resources": [],
                "principals": [
                  {
                    "identifiers": [
                      "arn:aws:iam::731872836472:role/dev-cluster-cluster-20260912170941676600000002"
                    ],
                    "type": "AWS"
                  }
                ],
                "resources": [
                  "*"
                ],
                "sid": "KeyUsage"
              }
            ],
            "version": "2012-10-17"
          },
          "sensitive_attributes": [],
          "identity_schema_version": 0
        }
      ]
    },
    {
      "module": "module.eks.module.aws_eks.module.kms",
      "mode": "data",
      "type": "aws_partition",
      "name": "current",
      "provider": "provider[\"registry.terraform.io/hashicorp/aws\"]",
      "instances": [
        {
          "index_key": 0,
          "schema_version": 0,
          "attributes": {
            "dns_suffix": "amazonaws.com",
            "id": "aws",
            "partition": "aws",
            "reverse_dns_prefix": "com.amazonaws"
          },
          "sensitive_attributes": [],
          "identity_schema_version": 0
        }
      ]
    },
    {
      "module": "module.eks.module.aws_eks.module.kms",
      "mode": "managed",
      "type": "aws_kms_alias",
      "name": "this",
      "provider": "provider[\"registry.terraform.io/hashicorp/aws\"]",
      "instances": [
        {
          "index_key": "cluster",
          "schema_version": 0,
          "attributes": {
            "arn": "arn:aws:kms:eu-central-1:731872836472:alias/eks/dev-cluster",
            "id": "alias/eks/dev-cluster",
            "name": "alias/eks/dev-cluster",
            "name_prefix": "",
            "target_key_arn": "arn:aws:kms:eu-central-1:731872836472:key/c16d2724-37a5-446b-8d72-6cc3c38d2531",
            "target_key_id": "c16d2724-37a5-446b-8d72-6cc3c38d2531"
          },
          "sensitive_attributes": [],
          "identity_schema_version": 0,
          "private": "bnVsbA==",
          "dependencies": [
            "module.eks.module.aws_eks.aws_iam_role.this",
            "module.eks.module.aws_eks.data.aws_caller_identity.current",
            "module.eks.module.aws_eks.data.aws_iam_policy_document.assume_role_policy",
            "module.eks.module.aws_eks.data.aws_iam_session_context.current",
            "module.eks.module.aws_eks.module.kms.aws_kms_external_key.this",
            "module.eks.module.aws_eks.module.kms.aws_kms_key.this",
            "module.eks.module.aws_eks.module.kms.aws_kms_replica_external_key.this",
            "module.eks.module.aws_eks.module.kms.aws_kms_replica_key.this",
            "module.eks.module.aws_eks.module.kms.data.aws_caller_identity.current",
            "module.eks.module.aws_eks.module.kms.data.aws_iam_policy_document.this",
            "module.eks.module.aws_eks.module.kms.data.aws_partition.current"
          ]
        }
      ]
    },
    {
      "module": "module.eks.module.aws_eks.module.kms",
      "mode": "managed",
      "type": "aws_kms_key",
      "name": "this",
      "provider": "provider[\"registry.terraform.io/hashicorp/aws\"]",
      "instances": [
        {
          "index_key": 0,
          "schema_version": 0,
          "attributes": {
            "arn": "arn:aws:kms:eu-central-1:731872836472:key/c16d2724-37a5-446b-8d72-6cc3c38d2531",
            "bypass_policy_lockout_safety_check": false,
            "custom_key_store_id": "",
            "customer_master_key_spec": "SYMMETRIC_DEFAULT",
            "deletion_window_in_days": null,
            "description": "dev-cluster cluster encryption key",
            "enable_key_rotation": true,
            "id": "c16d2724-37a5-446b-8d72-6cc3c38d2531",
            "is_enabled": true,
            "key_id": "c16d2724-37a5-446b-8d72-6cc3c38d2531",
            "key_usage": "ENCRYPT_DECRYPT",
            "multi_region": false,
            "policy": "{\"Statement\":[{\"Action\":\"kms:*\",\"Effect\":\"Allow\",\"Principal\":{\"AWS\":\"arn:aws:iam::731872836472:root\"},\"Resource\":\"*\",\"Sid\":\"Default\"},{\"Action\":[\"kms:Update*\",\"kms:UntagResource\",\"kms:TagResource\",\"kms:ScheduleKeyDeletion\",\"kms:Revoke*\",\"kms:ReplicateKey\",\"kms:Put*\",\"kms:List*\",\"kms:ImportKeyMaterial\",\"kms:Get*\",\"kms:Enable*\",\"kms:Disable*\",\"kms:Describe*\",\"kms:Delete*\",\"kms:Create*\",\"kms:CancelKeyDeletion\"],\"Effect\":\"Allow\",\"Principal\":{\"AWS\":\"arn:aws:iam::731872836472:user/admin\"},\"Resource\":\"*\",\"Sid\":\"KeyAdministration\"},{\"Action\":[\"kms:ReEncrypt*\",\"kms:GenerateDataKey*\",\"kms:Encrypt\",\"kms:DescribeKey\",\"kms:Decrypt\"],\"Effect\":\"Allow\",\"Principal\":{\"AWS\":\"arn:aws:iam::731872836472:role/dev-cluster-cluster-20260912170941676600000002\"},\"Resource\":\"*\",\"Sid\":\"KeyUsage\"}],\"Version\":\"2012-10-17\"}",
            "rotation_period_in_days": 365,
            "tags": {
              "terraform-aws-modules": "eks"
            },
            "tags_all": {
              "terraform-aws-modules": "eks"
            },
            "timeouts": null,
            "xks_key_id": ""
          },
          "sensitive_attributes": [],
          "identity_schema_version": 0,
          "private": "eyJlMmJmYjczMC1lY2FhLTExZTYtOGY4OC0zNDM2M2JjN2M0YzAiOnsiY3JlYXRlIjoxMjAwMDAwMDAwMDB9fQ==",
          "dependencies": [
            "module.eks.module.aws_eks.aws_iam_role.this",
            "module.eks.module.aws_eks.data.aws_caller_identity.current",
            "module.eks.module.aws_eks.data.aws_iam_policy_document.assume_role_policy",
            "module.eks.module.aws_eks.data.aws_iam_session_context.current",
            "module.eks.module.aws_eks.module.kms.data.aws_caller_identity.current",
            "module.eks.module.aws_eks.module.kms.data.aws_iam_policy_document.this",
            "module.eks.module.aws_eks.module.kms.data.aws_partition.current"
          ],
          "create_before_destroy": true
        }
      ]
    },
    {
      "module": "module.vpc.module.aws_vpc",
      "mode": "managed",
      "type": "aws_default_network_acl",
      "name": "this",
      "provider": "provider[\"registry.terraform.io/hashicorp/aws\"]",
      "instances": [
        {
          "index_key": 0,
          "schema_version": 0,
          "attributes": {
            "arn": "arn:aws:ec2:eu-central-1:731872836472:network-acl/acl-00b44214206ebf899",
            "default_network_acl_id": "acl-00b44214206ebf899",
            "egress": [
              {
                "action": "allow",
                "cidr_block": "",
                "from_port": 0,
                "icmp_code": null,
                "icmp_type": null,
                "ipv6_cidr_block": "::/0",
                "protocol": "-1",
                "rule_no": 101,
                "to_port": 0
              },
              {
                "action": "allow",
                "cidr_block": "0.0.0.0/0",
                "from_port": 0,
                "icmp_code": null,
                "icmp_type": null,
                "ipv6_cidr_block": "",
                "protocol": "-1",
                "rule_no": 100,
                "to_port": 0
              }
            ],
            "id": "acl-00b44214206ebf899",
            "ingress": [
              {
                "action": "allow",
                "cidr_block": "",
                "from_port": 0,
                "icmp_code": null,
                "icmp_type": null,
                "ipv6_cidr_block": "::/0",
                "protocol": "-1",
                "rule_no": 101,
                "to_port": 0
              },
              {
                "action": "allow",
                "cidr_block": "0.0.0.0/0",
                "from_port": 0,
                "icmp_code": null,
                "icmp_type": null,
                "ipv6_cidr_block": "",
                "protocol": "-1",
                "rule_no": 100,
                "to_port": 0
              }
            ],
            "owner_id": "731872836472",
            "subnet_ids": [
              "subnet-01839c7ae76167155",
              "subnet-08741d5479403fa22",
              "subnet-0c6b2616d123ba0ff"
            ],
            "tags": {
              "Name": "dev-vpc-default"
            },
            "tags_all": {
              "Name": "dev-vpc-default"
            },
            "vpc_id": "vpc-02bb181331d696bb4"
          },
          "sensitive_attributes": [],
          "identity_schema_version": 0,
          "private": "bnVsbA==",
          "dependencies": [
            "module.vpc.module.aws_vpc.aws_vpc.this"
          ]
        }
      ]
    },
    {
      "module": "module.vpc.module.aws_vpc",
      "mode": "managed",
      "type": "aws_default_route_table",
      "name": "default",
      "provider": "provider[\"registry.terraform.io/hashicorp/aws\"]",
      "instances": [
        {
          "index_key": 0,
          "schema_version": 0,
          "attributes": {
            "arn": "arn:aws:ec2:eu-central-1:731872836472:route-table/rtb-06ec702fa55bb0841",
            "default_route_table_id": "rtb-06ec702fa55bb0841",
            "id": "rtb-06ec702fa55bb0841",
            "owner_id": "731872836472",
            "propagating_vgws": null,
            "route": [],
            "tags": {
              "Name": "dev-vpc-default"
            },
            "tags_all": {
              "Name": "dev-vpc-default"
            },
            "timeouts": {
              "create": "5m",
              "update": "5m"
            },
            "vpc_id": "vpc-02bb181331d696bb4"
          },
          "sensitive_attributes": [],
          "identity_schema_version": 0,
          "private": "eyJlMmJmYjczMC1lY2FhLTExZTYtOGY4OC0zNDM2M2JjN2M0YzAiOnsiY3JlYXRlIjozMDAwMDAwMDAwMDAsInVwZGF0ZSI6MzAwMDAwMDAwMDAwfX0=",
          "dependencies": [
            "module.vpc.module.aws_vpc.aws_vpc.this"
          ]
        }
      ]
    },
    {
      "module": "module.vpc.module.aws_vpc",
      "mode": "managed",
      "type": "aws_default_security_group",
      "name": "this",
      "provider": "provider[\"registry.terraform.io/hashicorp/aws\"]",
      "instances": [
        {
          "index_key": 0,
          "schema_version": 1,
          "attributes": {
            "arn": "arn:aws:ec2:eu-central-1:731872836472:security-group/sg-0d8d0080809887965",
            "description": "default VPC security group",
            "egress": [],
            "id": "sg-0d8d0080809887965",
            "ingress": [],
            "name": "default",
            "name_prefix": "",
            "owner_id": "731872836472",
            "revoke_rules_on_delete": false,
            "tags": {
              "Name": "dev-vpc-default"
            },
            "tags_all": {
              "Name": "dev-vpc-default"
            },
            "vpc_id": "vpc-02bb181331d696bb4"
          },
          "sensitive_attributes": [],
          "identity_schema_version": 0,
          "private": "eyJzY2hlbWFfdmVyc2lvbiI6IjEifQ==",
          "dependencies": [
            "module.vpc.module.aws_vpc.aws_vpc.this"
          ]
        }
      ]
    },
    {
      "module": "module.vpc.module.aws_vpc",
      "mode": "managed",
      "type": "aws_eip",
      "name": "nat",
      "provider": "provider[\"registry.terraform.io/hashicorp/aws\"]",
      "instances": [
        {
          "index_key": 0,
          "schema_version": 0,
          "attributes": {
            "address": null,
            "allocation_id": "eipalloc-0cee8e8771a2febe9",
            "arn": "arn:aws:ec2:eu-central-1:731872836472:elastic-ip/eipalloc-0cee8e8771a2febe9",
            "associate_with_private_ip": null,
            "association_id": "",
            "carrier_ip": "",
            "customer_owned_ip": "",
            "customer_owned_ipv4_pool": "",
            "domain": "vpc",
            "id": "eipalloc-0cee8e8771a2febe9",
            "instance": "",
            "ipam_pool_id": null,
            "network_border_group": "eu-central-1",
            "network_interface": "",
            "private_dns": null,
            "private_ip": "",
            "ptr_record": "",
            "public_dns": "ec2-63-188-117-86.eu-central-1.compute.amazonaws.com",
            "public_ip": "63.188.117.86",
            "public_ipv4_pool": "amazon",
            "tags": {
              "Name": "dev-vpc-eu-central-1a"
            },
            "tags_all": {
              "Name": "dev-vpc-eu-central-1a"
            },
            "timeouts": null,
            "vpc": true
          },
          "sensitive_attributes": [],
          "identity_schema_version": 0,
          "private": "eyJlMmJmYjczMC1lY2FhLTExZTYtOGY4OC0zNDM2M2JjN2M0YzAiOnsiZGVsZXRlIjoxODAwMDAwMDAwMDAsInJlYWQiOjkwMDAwMDAwMDAwMCwidXBkYXRlIjozMDAwMDAwMDAwMDB9fQ==",
          "dependencies": [
            "module.vpc.module.aws_vpc.aws_internet_gateway.this",
            "module.vpc.module.aws_vpc.aws_vpc.this",
            "module.vpc.module.aws_vpc.aws_vpc_ipv4_cidr_block_association.this"
          ]
        }
      ]
    },
    {
      "module": "module.vpc.module.aws_vpc",
      "mode": "managed",
      "type": "aws_internet_gateway",
      "name": "this",
      "provider": "provider[\"registry.terraform.io/hashicorp/aws\"]",
      "instances": [
        {
          "index_key": 0,
          "schema_version": 0,
          "attributes": {
            "arn": "arn:aws:ec2:eu-central-1:731872836472:internet-gateway/igw-04dcdc54deeef7a4d",
            "id": "igw-04dcdc54deeef7a4d",
            "owner_id": "731872836472",
            "tags": {
              "Name": "dev-vpc"
            },
            "tags_all": {
              "Name": "dev-vpc"
            },
            "timeouts": null,
            "vpc_id": "vpc-02bb181331d696bb4"
          },
          "sensitive_attributes": [],
          "identity_schema_version": 0,
          "private": "eyJlMmJmYjczMC1lY2FhLTExZTYtOGY4OC0zNDM2M2JjN2M0YzAiOnsiY3JlYXRlIjoxMjAwMDAwMDAwMDAwLCJkZWxldGUiOjEyMDAwMDAwMDAwMDAsInVwZGF0ZSI6MTIwMDAwMDAwMDAwMH19",
          "dependencies": [
            "module.vpc.module.aws_vpc.aws_vpc.this",
            "module.vpc.module.aws_vpc.aws_vpc_ipv4_cidr_block_association.this"
          ]
        }
      ]
    },
    {
      "module": "module.vpc.module.aws_vpc",
      "mode": "managed",
      "type": "aws_nat_gateway",
      "name": "this",
      "provider": "provider[\"registry.terraform.io/hashicorp/aws\"]",
      "instances": [
        {
          "index_key": 0,
          "schema_version": 0,
          "attributes": {
            "allocation_id": "eipalloc-0cee8e8771a2febe9",
            "association_id": "eipassoc-08e7f4afadb696750",
            "connectivity_type": "public",
            "id": "nat-0f6f95c3f222b2d06",
            "network_interface_id": "eni-02aec7a66ad5637ca",
            "private_ip": "10.0.101.168",
            "public_ip": "63.188.117.86",
            "secondary_allocation_ids": null,
            "secondary_private_ip_address_count": 0,
            "secondary_private_ip_addresses": [],
            "subnet_id": "subnet-01839c7ae76167155",
            "tags": {
              "Name": "dev-vpc-eu-central-1a"
            },
            "tags_all": {
              "Name": "dev-vpc-eu-central-1a"
            },
            "timeouts": null
          },
          "sensitive_attributes": [],
          "identity_schema_version": 0,
          "private": "eyJlMmJmYjczMC1lY2FhLTExZTYtOGY4OC0zNDM2M2JjN2M0YzAiOnsiY3JlYXRlIjo2MDAwMDAwMDAwMDAsImRlbGV0ZSI6MTgwMDAwMDAwMDAwMCwidXBkYXRlIjo2MDAwMDAwMDAwMDB9fQ==",
          "dependencies": [
            "module.vpc.module.aws_vpc.aws_eip.nat",
            "module.vpc.module.aws_vpc.aws_internet_gateway.this",
            "module.vpc.module.aws_vpc.aws_subnet.public",
            "module.vpc.module.aws_vpc.aws_vpc.this",
            "module.vpc.module.aws_vpc.aws_vpc_ipv4_cidr_block_association.this"
          ]
        }
      ]
    },
    {
      "module": "module.vpc.module.aws_vpc",
      "mode": "managed",
      "type": "aws_route",
      "name": "private_nat_gateway",
      "provider": "provider[\"registry.terraform.io/hashicorp/aws\"]",
      "instances": [
        {
          "index_key": 0,
          "schema_version": 0,
          "attributes": {
            "carrier_gateway_id": "",
            "core_network_arn": "",
            "destination_cidr_block": "0.0.0.0/0",
            "destination_ipv6_cidr_block": "",
            "destination_prefix_list_id": "",
            "egress_only_gateway_id": "",
            "gateway_id": "",
            "id": "r-rtb-0f0ae0ff405f874e51080289494",
            "instance_id": "",
            "instance_owner_id": "",
            "local_gateway_id": "",
            "nat_gateway_id": "nat-0f6f95c3f222b2d06",
            "network_interface_id": "",
            "origin": "CreateRoute",
            "route_table_id": "rtb-0f0ae0ff405f874e5",
            "state": "active",
            "timeouts": {
              "create": "5m",
              "delete": null,
              "update": null
            },
            "transit_gateway_id": "",
            "vpc_endpoint_id": "",
            "vpc_peering_connection_id": ""
          },
          "sensitive_attributes": [],
          "identity_schema_version": 0,
          "private": "eyJlMmJmYjczMC1lY2FhLTExZTYtOGY4OC0zNDM2M2JjN2M0YzAiOnsiY3JlYXRlIjozMDAwMDAwMDAwMDAsImRlbGV0ZSI6MzAwMDAwMDAwMDAwLCJ1cGRhdGUiOjEyMDAwMDAwMDAwMH19",
          "dependencies": [
            "module.vpc.module.aws_vpc.aws_eip.nat",
            "module.vpc.module.aws_vpc.aws_internet_gateway.this",
            "module.vpc.module.aws_vpc.aws_nat_gateway.this",
            "module.vpc.module.aws_vpc.aws_route_table.private",
            "module.vpc.module.aws_vpc.aws_subnet.public",
            "module.vpc.module.aws_vpc.aws_vpc.this",
            "module.vpc.module.aws_vpc.aws_vpc_ipv4_cidr_block_association.this"
          ]
        }
      ]
    },
    {
      "module": "module.vpc.module.aws_vpc",
      "mode": "managed",
      "type": "aws_route",
      "name": "public_internet_gateway",
      "provider": "provider[\"registry.terraform.io/hashicorp/aws\"]",
      "instances": [
        {
          "index_key": 0,
          "schema_version": 0,
          "attributes": {
            "carrier_gateway_id": "",
            "core_network_arn": "",
            "destination_cidr_block": "0.0.0.0/0",
            "destination_ipv6_cidr_block": "",
            "destination_prefix_list_id": "",
            "egress_only_gateway_id": "",
            "gateway_id": "igw-04dcdc54deeef7a4d",
            "id": "r-rtb-0ee74c3057d80d8a51080289494",
            "instance_id": "",
            "instance_owner_id": "",
            "local_gateway_id": "",
            "nat_gateway_id": "",
            "network_interface_id": "",
            "origin": "CreateRoute",
            "route_table_id": "rtb-0ee74c3057d80d8a5",
            "state": "active",
            "timeouts": {
              "create": "5m",
              "delete": null,
              "update": null
            },
            "transit_gateway_id": "",
            "vpc_endpoint_id": "",
            "vpc_peering_connection_id": ""
          },
          "sensitive_attributes": [],
          "identity_schema_version": 0,
          "private": "eyJlMmJmYjczMC1lY2FhLTExZTYtOGY4OC0zNDM2M2JjN2M0YzAiOnsiY3JlYXRlIjozMDAwMDAwMDAwMDAsImRlbGV0ZSI6MzAwMDAwMDAwMDAwLCJ1cGRhdGUiOjEyMDAwMDAwMDAwMH19",
          "dependencies": [
            "module.vpc.module.aws_vpc.aws_internet_gateway.this",
            "module.vpc.module.aws_vpc.aws_route_table.public",
            "module.vpc.module.aws_vpc.aws_vpc.this",
            "module.vpc.module.aws_vpc.aws_vpc_ipv4_cidr_block_association.this"
          ]
        }
      ]
    },
    {
      "module": "module.vpc.module.aws_vpc",
      "mode": "managed",
      "type": "aws_route_table",
      "name": "private",
      "provider": "provider[\"registry.terraform.io/hashicorp/aws\"]",
      "instances": [
        {
          "index_key": 0,
          "schema_version": 0,
          "attributes": {
            "arn": "arn:aws:ec2:eu-central-1:731872836472:route-table/rtb-0f0ae0ff405f874e5",
            "id": "rtb-0f0ae0ff405f874e5",
            "owner_id": "731872836472",
            "propagating_vgws": [],
            "route": [],
            "tags": {
              "Name": "dev-vpc-private"
            },
            "tags_all": {
              "Name": "dev-vpc-private"
            },
            "timeouts": null,
            "vpc_id": "vpc-02bb181331d696bb4"
          },
          "sensitive_attributes": [],
          "identity_schema_version": 0,
          "private": "eyJlMmJmYjczMC1lY2FhLTExZTYtOGY4OC0zNDM2M2JjN2M0YzAiOnsiY3JlYXRlIjozMDAwMDAwMDAwMDAsImRlbGV0ZSI6MzAwMDAwMDAwMDAwLCJ1cGRhdGUiOjEyMDAwMDAwMDAwMH19",
          "dependencies": [
            "module.vpc.module.aws_vpc.aws_vpc.this",
            "module.vpc.module.aws_vpc.aws_vpc_ipv4_cidr_block_association.this"
          ]
        }
      ]
    },
    {
      "module": "module.vpc.module.aws_vpc",
      "mode": "managed",
      "type": "aws_route_table",
      "name": "public",
      "provider": "provider[\"registry.terraform.io/hashicorp/aws\"]",
      "instances": [
        {
          "index_key": 0,
          "schema_version": 0,
          "attributes": {
            "arn": "arn:aws:ec2:eu-central-1:731872836472:route-table/rtb-0ee74c3057d80d8a5",
            "id": "rtb-0ee74c3057d80d8a5",
            "owner_id": "731872836472",
            "propagating_vgws": [],
            "route": [],
            "tags": {
              "Name": "dev-vpc-public"
            },
            "tags_all": {
              "Name": "dev-vpc-public"
            },
            "timeouts": null,
            "vpc_id": "vpc-02bb181331d696bb4"
          },
          "sensitive_attributes": [],
          "identity_schema_version": 0,
          "private": "eyJlMmJmYjczMC1lY2FhLTExZTYtOGY4OC0zNDM2M2JjN2M0YzAiOnsiY3JlYXRlIjozMDAwMDAwMDAwMDAsImRlbGV0ZSI6MzAwMDAwMDAwMDAwLCJ1cGRhdGUiOjEyMDAwMDAwMDAwMH19",
          "dependencies": [
            "module.vpc.module.aws_vpc.aws_vpc.this",
            "module.vpc.module.aws_vpc.aws_vpc_ipv4_cidr_block_association.this"
          ]
        }
      ]
    },
    {
      "module": "module.vpc.module.aws_vpc",
      "mode": "managed",
      "type": "aws_route_table_association",
      "name": "private",
      "provider": "provider[\"registry.terraform.io/hashicorp/aws\"]",
      "instances": [
        {
          "index_key": 0,
          "schema_version": 0,
          "attributes": {
            "gateway_id": "",
            "id": "rtbassoc-0c3e082a68349a7aa",
            "route_table_id": "rtb-0f0ae0ff405f874e5",
            "subnet_id": "subnet-05e24d8e976b6cb83",
            "timeouts": null
          },
          "sensitive_attributes": [],
          "identity_schema_version": 0,
          "private": "eyJlMmJmYjczMC1lY2FhLTExZTYtOGY4OC0zNDM2M2JjN2M0YzAiOnsiY3JlYXRlIjozMDAwMDAwMDAwMDAsImRlbGV0ZSI6MzAwMDAwMDAwMDAwLCJ1cGRhdGUiOjEyMDAwMDAwMDAwMH19",
          "dependencies": [
            "module.vpc.module.aws_vpc.aws_route_table.private",
            "module.vpc.module.aws_vpc.aws_subnet.private",
            "module.vpc.module.aws_vpc.aws_vpc.this",
            "module.vpc.module.aws_vpc.aws_vpc_ipv4_cidr_block_association.this"
          ]
        },
        {
          "index_key": 1,
          "schema_version": 0,
          "attributes": {
            "gateway_id": "",
            "id": "rtbassoc-0a5e863947e821280",
            "route_table_id": "rtb-0f0ae0ff405f874e5",
            "subnet_id": "subnet-07a891b44ea75b7b7",
            "timeouts": null
          },
          "sensitive_attributes": [],
          "identity_schema_version": 0,
          "private": "eyJlMmJmYjczMC1lY2FhLTExZTYtOGY4OC0zNDM2M2JjN2M0YzAiOnsiY3JlYXRlIjozMDAwMDAwMDAwMDAsImRlbGV0ZSI6MzAwMDAwMDAwMDAwLCJ1cGRhdGUiOjEyMDAwMDAwMDAwMH19",
          "dependencies": [
            "module.vpc.module.aws_vpc.aws_route_table.private",
            "module.vpc.module.aws_vpc.aws_subnet.private",
            "module.vpc.module.aws_vpc.aws_vpc.this",
            "module.vpc.module.aws_vpc.aws_vpc_ipv4_cidr_block_association.this"
          ]
        },
        {
          "index_key": 2,
          "schema_version": 0,
          "attributes": {
            "gateway_id": "",
            "id": "rtbassoc-09255f773fcde5cdd",
            "route_table_id": "rtb-0f0ae0ff405f874e5",
            "subnet_id": "subnet-08741d5479403fa22",
            "timeouts": null
          },
          "sensitive_attributes": [],
          "identity_schema_version": 0,
          "private": "eyJlMmJmYjczMC1lY2FhLTExZTYtOGY4OC0zNDM2M2JjN2M0YzAiOnsiY3JlYXRlIjozMDAwMDAwMDAwMDAsImRlbGV0ZSI6MzAwMDAwMDAwMDAwLCJ1cGRhdGUiOjEyMDAwMDAwMDAwMH19",
          "dependencies": [
            "module.vpc.module.aws_vpc.aws_route_table.private",
            "module.vpc.module.aws_vpc.aws_subnet.private",
            "module.vpc.module.aws_vpc.aws_vpc.this",
            "module.vpc.module.aws_vpc.aws_vpc_ipv4_cidr_block_association.this"
          ]
        }
      ]
    },
    {
      "module": "module.vpc.module.aws_vpc",
      "mode": "managed",
      "type": "aws_route_table_association",
      "name": "public",
      "provider": "provider[\"registry.terraform.io/hashicorp/aws\"]",
      "instances": [
        {
          "index_key": 0,
          "schema_version": 0,
          "attributes": {
            "gateway_id": "",
            "id": "rtbassoc-06e68e1ef051264af",
            "route_table_id": "rtb-0ee74c3057d80d8a5",
            "subnet_id": "subnet-01839c7ae76167155",
            "timeouts": null
          },
          "sensitive_attributes": [],
          "identity_schema_version": 0,
          "private": "eyJlMmJmYjczMC1lY2FhLTExZTYtOGY4OC0zNDM2M2JjN2M0YzAiOnsiY3JlYXRlIjozMDAwMDAwMDAwMDAsImRlbGV0ZSI6MzAwMDAwMDAwMDAwLCJ1cGRhdGUiOjEyMDAwMDAwMDAwMH19",
          "dependencies": [
            "module.vpc.module.aws_vpc.aws_route_table.public",
            "module.vpc.module.aws_vpc.aws_subnet.public",
            "module.vpc.module.aws_vpc.aws_vpc.this",
            "module.vpc.module.aws_vpc.aws_vpc_ipv4_cidr_block_association.this"
          ]
        },
        {
          "index_key": 1,
          "schema_version": 0,
          "attributes": {
            "gateway_id": "",
            "id": "rtbassoc-0e40cac7f0a5040a5",
            "route_table_id": "rtb-0ee74c3057d80d8a5",
            "subnet_id": "subnet-019c2dd6872482c0e",
            "timeouts": null
          },
          "sensitive_attributes": [],
          "identity_schema_version": 0,
          "private": "eyJlMmJmYjczMC1lY2FhLTExZTYtOGY4OC0zNDM2M2JjN2M0YzAiOnsiY3JlYXRlIjozMDAwMDAwMDAwMDAsImRlbGV0ZSI6MzAwMDAwMDAwMDAwLCJ1cGRhdGUiOjEyMDAwMDAwMDAwMH19",
          "dependencies": [
            "module.vpc.module.aws_vpc.aws_route_table.public",
            "module.vpc.module.aws_vpc.aws_subnet.public",
            "module.vpc.module.aws_vpc.aws_vpc.this",
            "module.vpc.module.aws_vpc.aws_vpc_ipv4_cidr_block_association.this"
          ]
        },
        {
          "index_key": 2,
          "schema_version": 0,
          "attributes": {
            "gateway_id": "",
            "id": "rtbassoc-01d8ca5afaa4703b7",
            "route_table_id": "rtb-0ee74c3057d80d8a5",
            "subnet_id": "subnet-0c6b2616d123ba0ff",
            "timeouts": null
          },
          "sensitive_attributes": [],
          "identity_schema_version": 0,
          "private": "eyJlMmJmYjczMC1lY2FhLTExZTYtOGY4OC0zNDM2M2JjN2M0YzAiOnsiY3JlYXRlIjozMDAwMDAwMDAwMDAsImRlbGV0ZSI6MzAwMDAwMDAwMDAwLCJ1cGRhdGUiOjEyMDAwMDAwMDAwMH19",
          "dependencies": [
            "module.vpc.module.aws_vpc.aws_route_table.public",
            "module.vpc.module.aws_vpc.aws_subnet.public",
            "module.vpc.module.aws_vpc.aws_vpc.this",
            "module.vpc.module.aws_vpc.aws_vpc_ipv4_cidr_block_association.this"
          ]
        }
      ]
    },
    {
      "module": "module.vpc.module.aws_vpc",
      "mode": "managed",
      "type": "aws_subnet",
      "name": "private",
      "provider": "provider[\"registry.terraform.io/hashicorp/aws\"]",
      "instances": [
        {
          "index_key": 0,
          "schema_version": 1,
          "attributes": {
            "arn": "arn:aws:ec2:eu-central-1:731872836472:subnet/subnet-05e24d8e976b6cb83",
            "assign_ipv6_address_on_creation": false,
            "availability_zone": "eu-central-1a",
            "availability_zone_id": "euc1-az2",
            "cidr_block": "10.0.1.0/24",
            "customer_owned_ipv4_pool": "",
            "enable_dns64": false,
            "enable_lni_at_device_index": 0,
            "enable_resource_name_dns_a_record_on_launch": false,
            "enable_resource_name_dns_aaaa_record_on_launch": false,
            "id": "subnet-05e24d8e976b6cb83",
            "ipv6_cidr_block": "",
            "ipv6_cidr_block_association_id": "",
            "ipv6_native": false,
            "map_customer_owned_ip_on_launch": false,
            "map_public_ip_on_launch": false,
            "outpost_arn": "",
            "owner_id": "731872836472",
            "private_dns_hostname_type_on_launch": "ip-name",
            "tags": {
              "Name": "dev-vpc-private-eu-central-1a"
            },
            "tags_all": {
              "Name": "dev-vpc-private-eu-central-1a"
            },
            "timeouts": null,
            "vpc_id": "vpc-02bb181331d696bb4"
          },
          "sensitive_attributes": [],
          "identity_schema_version": 0,
          "private": "eyJlMmJmYjczMC1lY2FhLTExZTYtOGY4OC0zNDM2M2JjN2M0YzAiOnsiY3JlYXRlIjo2MDAwMDAwMDAwMDAsImRlbGV0ZSI6MTIwMDAwMDAwMDAwMH0sInNjaGVtYV92ZXJzaW9uIjoiMSJ9",
          "dependencies": [
            "module.vpc.module.aws_vpc.aws_vpc.this",
            "module.vpc.module.aws_vpc.aws_vpc_ipv4_cidr_block_association.this"
          ],
          "create_before_destroy": true
        },
        {
          "index_key": 1,
          "schema_version": 1,
          "attributes": {
            "arn": "arn:aws:ec2:eu-central-1:731872836472:subnet/subnet-07a891b44ea75b7b7",
            "assign_ipv6_address_on_creation": false,
            "availability_zone": "eu-central-1b",
            "availability_zone_id": "euc1-az3",
            "cidr_block": "10.0.2.0/24",
            "customer_owned_ipv4_pool": "",
            "enable_dns64": false,
            "enable_lni_at_device_index": 0,
            "enable_resource_name_dns_a_record_on_launch": false,
            "enable_resource_name_dns_aaaa_record_on_launch": false,
            "id": "subnet-07a891b44ea75b7b7",
            "ipv6_cidr_block": "",
            "ipv6_cidr_block_association_id": "",
            "ipv6_native": false,
            "map_customer_owned_ip_on_launch": false,
            "map_public_ip_on_launch": false,
            "outpost_arn": "",
            "owner_id": "731872836472",
            "private_dns_hostname_type_on_launch": "ip-name",
            "tags": {
              "Name": "dev-vpc-private-eu-central-1b"
            },
            "tags_all": {
              "Name": "dev-vpc-private-eu-central-1b"
            },
            "timeouts": null,
            "vpc_id": "vpc-02bb181331d696bb4"
          },
          "sensitive_attributes": [],
          "identity_schema_version": 0,
          "private": "eyJlMmJmYjczMC1lY2FhLTExZTYtOGY4OC0zNDM2M2JjN2M0YzAiOnsiY3JlYXRlIjo2MDAwMDAwMDAwMDAsImRlbGV0ZSI6MTIwMDAwMDAwMDAwMH0sInNjaGVtYV92ZXJzaW9uIjoiMSJ9",
          "dependencies": [
            "module.vpc.module.aws_vpc.aws_vpc.this",
            "module.vpc.module.aws_vpc.aws_vpc_ipv4_cidr_block_association.this"
          ],
          "create_before_destroy": true
        },
        {
          "index_key": 2,
          "schema_version": 1,
          "attributes": {
            "arn": "arn:aws:ec2:eu-central-1:731872836472:subnet/subnet-08741d5479403fa22",
            "assign_ipv6_address_on_creation": false,
            "availability_zone": "eu-central-1c",
            "availability_zone_id": "euc1-az1",
            "cidr_block": "10.0.3.0/24",
            "customer_owned_ipv4_pool": "",
            "enable_dns64": false,
            "enable_lni_at_device_index": 0,
            "enable_resource_name_dns_a_record_on_launch": false,
            "enable_resource_name_dns_aaaa_record_on_launch": false,
            "id": "subnet-08741d5479403fa22",
            "ipv6_cidr_block": "",
            "ipv6_cidr_block_association_id": "",
            "ipv6_native": false,
            "map_customer_owned_ip_on_launch": false,
            "map_public_ip_on_launch": false,
            "outpost_arn": "",
            "owner_id": "731872836472",
            "private_dns_hostname_type_on_launch": "ip-name",
            "tags": {
              "Name": "dev-vpc-private-eu-central-1c"
            },
            "tags_all": {
              "Name": "dev-vpc-private-eu-central-1c"
            },
            "timeouts": null,
            "vpc_id": "vpc-02bb181331d696bb4"
          },
          "sensitive_attributes": [],
          "identity_schema_version": 0,
          "private": "eyJlMmJmYjczMC1lY2FhLTExZTYtOGY4OC0zNDM2M2JjN2M0YzAiOnsiY3JlYXRlIjo2MDAwMDAwMDAwMDAsImRlbGV0ZSI6MTIwMDAwMDAwMDAwMH0sInNjaGVtYV92ZXJzaW9uIjoiMSJ9",
          "dependencies": [
            "module.vpc.module.aws_vpc.aws_vpc.this",
            "module.vpc.module.aws_vpc.aws_vpc_ipv4_cidr_block_association.this"
          ],
          "create_before_destroy": true
        }
      ]
    },
    {
      "module": "module.vpc.module.aws_vpc",
      "mode": "managed",
      "type": "aws_subnet",
      "name": "public",
      "provider": "provider[\"registry.terraform.io/hashicorp/aws\"]",
      "instances": [
        {
          "index_key": 0,
          "schema_version": 1,
          "attributes": {
            "arn": "arn:aws:ec2:eu-central-1:731872836472:subnet/subnet-01839c7ae76167155",
            "assign_ipv6_address_on_creation": false,
            "availability_zone": "eu-central-1a",
            "availability_zone_id": "euc1-az2",
            "cidr_block": "10.0.101.0/24",
            "customer_owned_ipv4_pool": "",
            "enable_dns64": false,
            "enable_lni_at_device_index": 0,
            "enable_resource_name_dns_a_record_on_launch": false,
            "enable_resource_name_dns_aaaa_record_on_launch": false,
            "id": "subnet-01839c7ae76167155",
            "ipv6_cidr_block": "",
            "ipv6_cidr_block_association_id": "",
            "ipv6_native": false,
            "map_customer_owned_ip_on_launch": false,
            "map_public_ip_on_launch": false,
            "outpost_arn": "",
            "owner_id": "731872836472",
            "private_dns_hostname_type_on_launch": "ip-name",
            "tags": {
              "Name": "dev-vpc-public-eu-central-1a"
            },
            "tags_all": {
              "Name": "dev-vpc-public-eu-central-1a"
            },
            "timeouts": null,
            "vpc_id": "vpc-02bb181331d696bb4"
          },
          "sensitive_attributes": [],
          "identity_schema_version": 0,
          "private": "eyJlMmJmYjczMC1lY2FhLTExZTYtOGY4OC0zNDM2M2JjN2M0YzAiOnsiY3JlYXRlIjo2MDAwMDAwMDAwMDAsImRlbGV0ZSI6MTIwMDAwMDAwMDAwMH0sInNjaGVtYV92ZXJzaW9uIjoiMSJ9",
          "dependencies": [
            "module.vpc.module.aws_vpc.aws_vpc.this",
            "module.vpc.module.aws_vpc.aws_vpc_ipv4_cidr_block_association.this"
          ]
        },
        {
          "index_key": 1,
          "schema_version": 1,
          "attributes": {
            "arn": "arn:aws:ec2:eu-central-1:731872836472:subnet/subnet-019c2dd6872482c0e",
            "assign_ipv6_address_on_creation": false,
            "availability_zone": "eu-central-1b",
            "availability_zone_id": "euc1-az3",
            "cidr_block": "10.0.102.0/24",
            "customer_owned_ipv4_pool": "",
            "enable_dns64": false,
            "enable_lni_at_device_index": 0,
            "enable_resource_name_dns_a_record_on_launch": false,
            "enable_resource_name_dns_aaaa_record_on_launch": false,
            "id": "subnet-019c2dd6872482c0e",
            "ipv6_cidr_block": "",
            "ipv6_cidr_block_association_id": "",
            "ipv6_native": false,
            "map_customer_owned_ip_on_launch": false,
            "map_public_ip_on_launch": false,
            "outpost_arn": "",
            "owner_id": "731872836472",
            "private_dns_hostname_type_on_launch": "ip-name",
            "tags": {
              "Name": "dev-vpc-public-eu-central-1b"
            },
            "tags_all": {
              "Name": "dev-vpc-public-eu-central-1b"
            },
            "timeouts": null,
            "vpc_id": "vpc-02bb181331d696bb4"
          },
          "sensitive_attributes": [],
          "identity_schema_version": 0,
          "private": "eyJlMmJmYjczMC1lY2FhLTExZTYtOGY4OC0zNDM2M2JjN2M0YzAiOnsiY3JlYXRlIjo2MDAwMDAwMDAwMDAsImRlbGV0ZSI6MTIwMDAwMDAwMDAwMH0sInNjaGVtYV92ZXJzaW9uIjoiMSJ9",
          "dependencies": [
            "module.vpc.module.aws_vpc.aws_vpc.this",
            "module.vpc.module.aws_vpc.aws_vpc_ipv4_cidr_block_association.this"
          ]
        },
        {
          "index_key": 2,
          "schema_version": 1,
          "attributes": {
            "arn": "arn:aws:ec2:eu-central-1:731872836472:subnet/subnet-0c6b2616d123ba0ff",
            "assign_ipv6_address_on_creation": false,
            "availability_zone": "eu-central-1c",
            "availability_zone_id": "euc1-az1",
            "cidr_block": "10.0.103.0/24",
            "customer_owned_ipv4_pool": "",
            "enable_dns64": false,
            "enable_lni_at_device_index": 0,
            "enable_resource_name_dns_a_record_on_launch": false,
            "enable_resource_name_dns_aaaa_record_on_launch": false,
            "id": "subnet-0c6b2616d123ba0ff",
            "ipv6_cidr_block": "",
            "ipv6_cidr_block_association_id": "",
            "ipv6_native": false,
            "map_customer_owned_ip_on_launch": false,
            "map_public_ip_on_launch": false,
            "outpost_arn": "",
            "owner_id": "731872836472",
            "private_dns_hostname_type_on_launch": "ip-name",
            "tags": {
              "Name": "dev-vpc-public-eu-central-1c"
            },
            "tags_all": {
              "Name": "dev-vpc-public-eu-central-1c"
            },
            "timeouts": null,
            "vpc_id": "vpc-02bb181331d696bb4"
          },
          "sensitive_attributes": [],
          "identity_schema_version": 0,
          "private": "eyJlMmJmYjczMC1lY2FhLTExZTYtOGY4OC0zNDM2M2JjN2M0YzAiOnsiY3JlYXRlIjo2MDAwMDAwMDAwMDAsImRlbGV0ZSI6MTIwMDAwMDAwMDAwMH0sInNjaGVtYV92ZXJzaW9uIjoiMSJ9",
          "dependencies": [
            "module.vpc.module.aws_vpc.aws_vpc.this",
            "module.vpc.module.aws_vpc.aws_vpc_ipv4_cidr_block_association.this"
          ]
        }
      ]
    },
    {
      "module": "module.vpc.module.aws_vpc",
      "mode": "managed",
      "type": "aws_vpc",
      "name": "this",
      "provider": "provider[\"registry.terraform.io/hashicorp/aws\"]",
      "instances": [
        {
          "index_key": 0,
          "schema_version": 1,
          "attributes": {
            "arn": "arn:aws:ec2:eu-central-1:731872836472:vpc/vpc-02bb181331d696bb4",
            "assign_generated_ipv6_cidr_block": false,
            "cidr_block": "10.0.0.0/16",
            "default_network_acl_id": "acl-00b44214206ebf899",
            "default_route_table_id": "rtb-06ec702fa55bb0841",
            "default_security_group_id": "sg-0d8d0080809887965",
            "dhcp_options_id": "dopt-0edc4ad56ac7a15fc",
            "enable_dns_hostnames": true,
            "enable_dns_support": true,
            "enable_network_address_usage_metrics": false,
            "id": "vpc-02bb181331d696bb4",
            "instance_tenancy": "default",
            "ipv4_ipam_pool_id": null,
            "ipv4_netmask_length": null,
            "ipv6_association_id": "",
            "ipv6_cidr_block": "",
            "ipv6_cidr_block_network_border_group": "",
            "ipv6_ipam_pool_id": "",
            "ipv6_netmask_length": 0,
            "main_route_table_id": "rtb-06ec702fa55bb0841",
            "owner_id": "731872836472",
            "tags": {
              "Name": "dev-vpc"
            },
            "tags_all": {
              "Name": "dev-vpc"
            }
          },
          "sensitive_attributes": [],
          "identity_schema_version": 0,
          "private": "eyJzY2hlbWFfdmVyc2lvbiI6IjEifQ==",
          "create_before_destroy": true
        }
      ]
    }
  ],
  "check_results": [
    {
      "object_kind": "resource",
      "config_addr": "module.eks.module.aws_eks.module.self_managed_node_group.module.user_data.null_resource.validate_cluster_service_cidr",
      "status": "pass",
      "objects": null
    },
    {
      "object_kind": "resource",
      "config_addr": "module.eks.module.aws_eks.module.eks_managed_node_group.module.user_data.null_resource.validate_cluster_service_cidr",
      "status": "pass",
      "objects": [
        {
          "object_addr": "module.eks.module.aws_eks.module.eks_managed_node_group[\"mern_nodes\"].module.user_data.null_resource.validate_cluster_service_cidr",
          "status": "pass"
        }
      ]
    }
  ]
}
